
Microsoft Visual Studio Solution File, Format Version 12.00
# Visual Studio Version 16
VisualStudioVersion = 16.0.29009.5
MinimumVisualStudioVersion = 10.0.40219.1
Project("{8BC9CEB8-8B4A-11D0-8D11-00A0C91BC942}") = "스택(10828번)", "..\스택\스택.vcxproj", "{AC5B3018-3848-4C02-8BA9-293956989FF2}"
EndProject
Project("{8BC9CEB8-8B4A-11D0-8D11-00A0C91BC942}") = "큐(10845번)", "..\큐\큐.vcxproj", "{CDEC0C6F-5987-4722-91FF-EE666833ECEE}"
EndProject
Project("{8BC9CEB8-8B4A-11D0-8D11-00A0C91BC942}") = "DFS와BFS(1260번)", "..\DFS와BFS(1260번)\DFS와BFS(1260번).vcxproj", "{6214785C-4386-45C6-9546-51E45A16127C}"
EndProject
Project("{8BC9CEB8-8B4A-11D0-8D11-00A0C91BC942}") = "수 정렬(2750번)", "수 정렬(2750번)\수 정렬(2750번).vcxproj", "{8217036F-D570-47A7-969D-813A1EC096FF}"
EndProject
Project("{8BC9CEB8-8B4A-11D0-8D11-00A0C91BC942}") = "수 정렬(2751번)", "수 정렬(2751번)\수 정렬(2751번).vcxproj", "{2046C5EE-F046-4C2D-971E-C264BFE8AF79}"
EndProject
Project("{8BC9CEB8-8B4A-11D0-8D11-00A0C91BC942}") = "나머지(3052번)", "나머지(3052번)\나머지(3052번).vcxproj", "{8E28747D-D5A5-4C10-BF23-E2B09BE30B74}"
EndProject
Project("{8BC9CEB8-8B4A-11D0-8D11-00A0C91BC942}") = "최대공_최소공(2609번)", "최대공_최소공(2609번)\최대공_최소공(2609번).vcxproj", "{FBBA53B1-862E-4A2C-822B-DA6FC04BF02E}"
EndProject
Project("{8BC9CEB8-8B4A-11D0-8D11-00A0C91BC942}") = "GCD합(9613번)", "GCD합(9613번)\GCD합(9613번).vcxproj", "{F086219E-A5D7-4DA3-992F-BE42A5847D1A}"
EndProject
Project("{8BC9CEB8-8B4A-11D0-8D11-00A0C91BC942}") = "소수찾기(1978번)", "소수찾기(1978번)\소수찾기(1978번).vcxproj", "{DEF238B6-BC46-430B-A655-6FCD660D6D34}"
EndProject
Project("{8BC9CEB8-8B4A-11D0-8D11-00A0C91BC942}") = "골드바흐의추측(6588번)", "골드바흐의추측(6588번)\골드바흐의추측(6588번).vcxproj", "{126DBF84-D543-4F92-878B-E5023990F017}"
EndProject
Project("{8BC9CEB8-8B4A-11D0-8D11-00A0C91BC942}") = "일곱 난쟁이(2309번)", "일곱 난쟁이(2309번)\일곱 난쟁이(2309번).vcxproj", "{9B0DAF07-4BB7-4E34-9E90-38145612F6ED}"
EndProject
Project("{8BC9CEB8-8B4A-11D0-8D11-00A0C91BC942}") = "테트로미노(14500번)", "테트로미노(14500번)\테트로미노(14500번).vcxproj", "{5843A130-CA04-4661-973C-2A37DE8AFD62}"
EndProject
Project("{8BC9CEB8-8B4A-11D0-8D11-00A0C91BC942}") = "1_2_3_더하기(9095번)", "1_2_3_더하기\1_2_3_더하기.vcxproj", "{8FFE5D46-B7C6-45FA-980B-6790FEDC6EE5}"
EndProject
Project("{8BC9CEB8-8B4A-11D0-8D11-00A0C91BC942}") = "A+B - 6(10953번)", "A+B - 6(10953번)\A+B - 6(10953번).vcxproj", "{C1CB291F-7E5B-46B5-A757-3770D1D23B1A}"
EndProject
Project("{8BC9CEB8-8B4A-11D0-8D11-00A0C91BC942}") = "한수(1065번)", "한수(1065번)\한수(1065번).vcxproj", "{9151D014-EAFB-41EE-A647-A0117542FD28}"
EndProject
Project("{8BC9CEB8-8B4A-11D0-8D11-00A0C91BC942}") = "퇴사(14501번)", "퇴사(14501번)\퇴사(14501번).vcxproj", "{8F40FA88-BF83-4FC9-80F4-48D42D9E3583}"
EndProject
Project("{8BC9CEB8-8B4A-11D0-8D11-00A0C91BC942}") = "집합(11723번)", "집합(11723번)\집합(11723번).vcxproj", "{B7D8E320-0C13-4FA8-ABB6-835D8381FAC7}"
EndProject
Project("{8BC9CEB8-8B4A-11D0-8D11-00A0C91BC942}") = "N과M", "N과M\N과M.vcxproj", "{BDA8E66C-83BA-4329-B89B-39B860FC75CE}"
EndProject
Project("{8BC9CEB8-8B4A-11D0-8D11-00A0C91BC942}") = "피보나치 함수(1003번)", "피보나치 함수(1003번)\피보나치 함수(1003번).vcxproj", "{4A2B7819-6902-4470-BBDB-7303928B47A2}"
EndProject
Project("{8BC9CEB8-8B4A-11D0-8D11-00A0C91BC942}") = "검증수(2475번)", "검증수(2475번)\검증수(2475번).vcxproj", "{3C00CB96-C232-44FD-A11E-5B4E021239C5}"
EndProject
Project("{8BC9CEB8-8B4A-11D0-8D11-00A0C91BC942}") = "단어 공부(1157번)", "단어 공부(1157번)\단어 공부(1157번).vcxproj", "{C0E7818E-0ECE-4ED1-B8ED-4615098CACD0}"
EndProject
Project("{8BC9CEB8-8B4A-11D0-8D11-00A0C91BC942}") = "최소, 최대(10818번)", "최소, 최대(10818번)\최소, 최대(10818번).vcxproj", "{327AC2C1-336B-4371-969E-F05B3237C665}"
EndProject
Project("{8BC9CEB8-8B4A-11D0-8D11-00A0C91BC942}") = "상수(2908번)", "상수(2908번)\상수(2908번).vcxproj", "{AA513D54-C48C-4B89-A8AC-852EF5053D45}"
EndProject
Project("{8BC9CEB8-8B4A-11D0-8D11-00A0C91BC942}") = "음계(2920번)", "음계(2920번)\음계(2920번).vcxproj", "{C8B1125E-5B84-4BF8-AE3A-F1E133B3827C}"
EndProject
Project("{8BC9CEB8-8B4A-11D0-8D11-00A0C91BC942}") = "OX퀴즈(8958번)", "OX퀴즈(8958번)\OX퀴즈(8958번).vcxproj", "{96C664F4-04F9-47A3-8553-ECE3C8DDA88B}"
EndProject
Project("{8BC9CEB8-8B4A-11D0-8D11-00A0C91BC942}") = "직사각형에서 탈출(1085번)", "직사각형에서 탈출(1085번)\직사각형에서 탈출(1085번).vcxproj", "{FA45C2C8-A67B-4F46-939C-0621E1E2A078}"
EndProject
Project("{8BC9CEB8-8B4A-11D0-8D11-00A0C91BC942}") = "직각삼각형(4153번)", "직각삼각형(4153번)\직각삼각형(4153번).vcxproj", "{3DD4EB33-F0F5-41EA-9538-8BE5CB40E97D}"
EndProject
Project("{8BC9CEB8-8B4A-11D0-8D11-00A0C91BC942}") = "ACM호텔(10250번)", "ACM호텔(10250번)\ACM호텔(10250번).vcxproj", "{1906A6CF-0376-4AB7-BB17-5BF0C41D8AAD}"
EndProject
Project("{8BC9CEB8-8B4A-11D0-8D11-00A0C91BC942}") = "분배합(2231번)", "분배합(2231번)\분배합(2231번).vcxproj", "{F0254B1F-D0FA-43BC-A107-209BBD2D05A3}"
EndProject
Project("{8BC9CEB8-8B4A-11D0-8D11-00A0C91BC942}") = "벌집(2292번)", "벌집(2292번)\벌집(2292번).vcxproj", "{BA49F6B7-16E1-4840-9FE3-D2323451496B}"
EndProject
Project("{8BC9CEB8-8B4A-11D0-8D11-00A0C91BC942}") = "부녀회장이될테야(2775번)", "부녀회장이될테야(2775번)\부녀회장이될테야(2775번).vcxproj", "{967C7984-6248-490E-A9DC-B78F965BC639}"
EndProject
Project("{8BC9CEB8-8B4A-11D0-8D11-00A0C91BC942}") = "블랙잭(2798번)", "블랙잭(2798번)\블랙잭(2798번).vcxproj", "{E72BD5F6-95DC-46FC-9B5F-A98B0D6FB61D}"
EndProject
Project("{8BC9CEB8-8B4A-11D0-8D11-00A0C91BC942}") = "달팽이(2869번)", "달팽이(2869번)\달팽이(2869번).vcxproj", "{F12B3603-8B16-4D11-BB72-3AAD5634753B}"
EndProject
Project("{8BC9CEB8-8B4A-11D0-8D11-00A0C91BC942}") = "Hashing(15829번)", "Hashing(15829번)\Hashing(15829번).vcxproj", "{7E3CA4E6-57DA-4C41-9CD3-168A58149841}"
EndProject
Project("{8BC9CEB8-8B4A-11D0-8D11-00A0C91BC942}") = "팰린드롬수(1259번)", "팰린드롬수(1259번)\팰린드롬수(1259번).vcxproj", "{2428CAE3-6E32-483D-8274-26DAA91DAB9D}"
EndProject
Project("{8BC9CEB8-8B4A-11D0-8D11-00A0C91BC942}") = "이항 계수1(11050번)", "이항 계수1(11050번)\이항 계수1(11050번).vcxproj", "{469ECD11-29E2-47BA-B992-27B84D5729E6}"
EndProject
Project("{8BC9CEB8-8B4A-11D0-8D11-00A0C91BC942}") = "체스판다시칠하기(1018번)", "체스판다시칠하기(1018번)\체스판다시칠하기(1018번).vcxproj", "{E48CE9A9-7050-4525-B868-78690DF7EA22}"
EndProject
Project("{8BC9CEB8-8B4A-11D0-8D11-00A0C91BC942}") = "단어정렬(1181번)", "단어정렬\단어정렬.vcxproj", "{12E4D74B-9516-427E-863D-09B5226B697A}"
EndProject
Project("{8BC9CEB8-8B4A-11D0-8D11-00A0C91BC942}") = "덩치(7568번)", "덩치(7568번)\덩치(7568번).vcxproj", "{726C37E2-A87E-4AE3-8B0C-618A6435EE01}"
EndProject
Project("{8BC9CEB8-8B4A-11D0-8D11-00A0C91BC942}") = "나이순정렬(10814번)", "나이순정렬(10814번)\나이순정렬(10814번).vcxproj", "{D8969183-86A8-4E17-921A-5C040FBF63F1}"
EndProject
Project("{8BC9CEB8-8B4A-11D0-8D11-00A0C91BC942}") = "수정렬3(10989번)", "수정렬3(10989번)\수정렬3(10989번).vcxproj", "{7344CF2E-DCA2-4978-B6E1-FD2490CB5236}"
EndProject
Project("{8BC9CEB8-8B4A-11D0-8D11-00A0C91BC942}") = "좌표정렬(11650번)", "좌표정렬(11650번)\좌표정렬(11650번).vcxproj", "{01A18FE5-29CB-42B8-815F-0EAC15FF8283}"
EndProject
Project("{8BC9CEB8-8B4A-11D0-8D11-00A0C91BC942}") = "좌표정렬2", "좌표정렬2\좌표정렬2.vcxproj", "{B1454AF6-6EB9-4C06-8BAC-A99156AC5443}"
EndProject
Project("{8BC9CEB8-8B4A-11D0-8D11-00A0C91BC942}") = "수찾기(1920번)", "수찾기(1920번)\수찾기(1920번).vcxproj", "{FCF5FAC3-9D6F-45CE-A2B7-CC075F64A804}"
EndProject
Project("{8BC9CEB8-8B4A-11D0-8D11-00A0C91BC942}") = "통계학(2108번)", "통계학(2108번)\통계학(2108번).vcxproj", "{351FB3CB-DC49-49BE-813F-E04A8ADD04D6}"
EndProject
Project("{8BC9CEB8-8B4A-11D0-8D11-00A0C91BC942}") = "카드2(2164번)", "카드2(2164번)\카드2(2164번).vcxproj", "{F9198B93-6CE3-4587-BFA4-4B77587CD104}"
EndProject
Project("{8BC9CEB8-8B4A-11D0-8D11-00A0C91BC942}") = "균형잡힌세상(4949번)", "균형잡힌세상(4949번)\균형잡힌세상(4949번).vcxproj", "{D99204D0-3391-46E5-9F0E-7C34CE25AB03}"
EndProject
Project("{8BC9CEB8-8B4A-11D0-8D11-00A0C91BC942}") = "괄호(9012번)", "괄호(9012번)\괄호(9012번).vcxproj", "{1CE2AD69-0E9C-4FC9-B93B-7F47907452B1}"
EndProject
Project("{8BC9CEB8-8B4A-11D0-8D11-00A0C91BC942}") = "제로(10773번)", "제로(10773번)\제로(10773번).vcxproj", "{29172929-C2C9-4183-BA00-439BD4D25140}"
EndProject
Project("{8BC9CEB8-8B4A-11D0-8D11-00A0C91BC942}") = "숫자카드2(10816번)", "숫자카드2(10816번)\숫자카드2(10816번).vcxproj", "{0500A54D-1C35-42B6-8173-09329C0C9569}"
EndProject
Project("{8BC9CEB8-8B4A-11D0-8D11-00A0C91BC942}") = "덱(10866번)", "덱(10866번)\덱(10866번).vcxproj", "{E5831695-6353-49B0-93EA-5E4D22BDA53C}"
EndProject
Project("{8BC9CEB8-8B4A-11D0-8D11-00A0C91BC942}") = "요세푸스문제0(11866번)", "요세푸스문제0(11866번)\요세푸스문제0(11866번).vcxproj", "{3E00025A-1278-4B6E-A8B3-7B2A1249ADC8}"
EndProject
Project("{8BC9CEB8-8B4A-11D0-8D11-00A0C91BC942}") = "랜선자르기(1654번)", "랜선자르기(1654번)\랜선자르기(1654번).vcxproj", "{2E797957-E0CD-4461-8D32-DBA19E2C4029}"
EndProject
Project("{8BC9CEB8-8B4A-11D0-8D11-00A0C91BC942}") = "스택수열(1874번)", "스택수열(1874번)\스택수열(1874번).vcxproj", "{50000414-35D8-496C-BC47-7F7234D1ADE2}"
EndProject
Project("{8BC9CEB8-8B4A-11D0-8D11-00A0C91BC942}") = "프린터큐(1966번)", "프린터큐(1966번)\프린터큐(1966번).vcxproj", "{35D4B83D-8CD7-4297-BC20-A82AF834828B}"
EndProject
Project("{8BC9CEB8-8B4A-11D0-8D11-00A0C91BC942}") = "나무자르기(2805번)", "나무자르기(2805번)\나무자르기(2805번).vcxproj", "{22FE4BC0-3FD5-4E9E-9472-404C7E6BAEA2}"
EndProject
Project("{8BC9CEB8-8B4A-11D0-8D11-00A0C91BC942}") = "마인크래프트(18111번)", "마인크래프트\마인크래프트.vcxproj", "{FB2E4B42-ECF2-4CD0-862A-6D197E4B01BE}"
EndProject
Project("{8BC9CEB8-8B4A-11D0-8D11-00A0C91BC942}") = "소수 구하기(1929번)", "소수 구하기(1929번)\소수 구하기(1929번).vcxproj", "{0160F319-9538-4F6C-879A-76F1EDBADD3C}"
EndProject
Project("{8BC9CEB8-8B4A-11D0-8D11-00A0C91BC942}") = "사분면(14681번)", "사분면(14681번)\사분면(14681번).vcxproj", "{71A1556F-60D2-43F1-8F32-1E86F285301A}"
EndProject
Project("{8BC9CEB8-8B4A-11D0-8D11-00A0C91BC942}") = "다이얼(5622번)", "다이얼(5622번)\다이얼(5622번).vcxproj", "{59A9AAA8-CBAF-4111-95A4-05683673653B}"
EndProject
Project("{8BC9CEB8-8B4A-11D0-8D11-00A0C91BC942}") = "크로아티아 알파벳(2941번)", "크로아티아 알파벳(2941번)\크로아티아 알파벳(2941번).vcxproj", "{86E6C8E6-34AE-4416-A2E9-2E3FB3E2A70F}"
EndProject
Project("{8BC9CEB8-8B4A-11D0-8D11-00A0C91BC942}") = "그룹단어체커(1316번)", "그룹단어체커(1316번)\그룹단어체커(1316번).vcxproj", "{4DF72925-2DAC-4CC2-9922-B35BC46ED80D}"
EndProject
Project("{8BC9CEB8-8B4A-11D0-8D11-00A0C91BC942}") = "손익분기점(1712번)", "손익분기점(1712번)\손익분기점(1712번).vcxproj", "{78777916-15E5-4E29-9874-E039117A4647}"
EndProject
Project("{8BC9CEB8-8B4A-11D0-8D11-00A0C91BC942}") = "분수찾기(1193번)", "분수찾기(1193번)\분수찾기(1193번).vcxproj", "{47383DD1-2E12-4C22-86CD-7FDAE53EBA36}"
EndProject
Project("{8BC9CEB8-8B4A-11D0-8D11-00A0C91BC942}") = "큰수A+B(10757번)", "큰수A+B(10757번)\큰수A+B(10757번).vcxproj", "{8250B42E-9010-4215-A011-98E36B6D5483}"
EndProject
Project("{8BC9CEB8-8B4A-11D0-8D11-00A0C91BC942}") = "네번째점(3009번)", "네번째점(3009번)\네번째점(3009번).vcxproj", "{ABC90177-AB19-4370-85A2-195D11FC8E7C}"
EndProject
Project("{8BC9CEB8-8B4A-11D0-8D11-00A0C91BC942}") = "택시기하학(3053번)", "택시기하학(3053번)\택시기하학(3053번).vcxproj", "{EDC690BE-0139-413E-9034-8D964EB61F6B}"
EndProject
Project("{8BC9CEB8-8B4A-11D0-8D11-00A0C91BC942}") = "Fly_me_to_the_Alpha_Centauri(1011번)", "Fly_me_to_the_Alpha_Centauri(1011번)\Fly_me_to_the_Alpha_Centauri(1011번).vcxproj", "{D8B18725-4CB3-4A4F-9FD4-4C699603E113}"
EndProject
Project("{8BC9CEB8-8B4A-11D0-8D11-00A0C91BC942}") = "팩토리얼(10872번)", "팩토리얼(10872번)\팩토리얼(10872번).vcxproj", "{D9938B41-F8DE-4B76-B98D-73D2A2CC78F1}"
EndProject
Project("{8BC9CEB8-8B4A-11D0-8D11-00A0C91BC942}") = "피보나치수5(10870번)", "피보나치수5(10870번)\피보나치수5(10870번).vcxproj", "{1A24B494-E422-41F2-B86D-98F85544DEDC}"
EndProject
Project("{8BC9CEB8-8B4A-11D0-8D11-00A0C91BC942}") = "별찍기10(2447번)", "별찍기10\별찍기10.vcxproj", "{484952A7-21FF-49C7-81A0-7BCA6F282D9B}"
EndProject
Project("{8BC9CEB8-8B4A-11D0-8D11-00A0C91BC942}") = "하노이탑이동순서(11729번)", "하노이탑이동순서(11729번)\하노이탑이동순서(11729번).vcxproj", "{78E7CAC8-5B97-4BB8-9D0F-4E8C69FA6978}"
EndProject
Project("{8BC9CEB8-8B4A-11D0-8D11-00A0C91BC942}") = "로또(6603번)", "로또(6603번)\로또(6603번).vcxproj", "{3CBA70FB-D35C-483D-BDC7-AD07A089644E}"
EndProject
Project("{8BC9CEB8-8B4A-11D0-8D11-00A0C91BC942}") = "소트인사이드(1427번)", "소트인사이드(1427번)\소트인사이드(1427번).vcxproj", "{D55AC636-67A1-4B4F-A6F0-58C8668061F3}"
EndProject
Project("{8BC9CEB8-8B4A-11D0-8D11-00A0C91BC942}") = "좌표압축(18870번)", "좌표압축(18870번)\좌표압축(18870번).vcxproj", "{88EEADFE-97BB-47C1-897F-69A8102FCF3C}"
EndProject
Project("{8BC9CEB8-8B4A-11D0-8D11-00A0C91BC942}") = "N과M_1(15649번)", "N과M_1(15649번)\N과M_1(15649번).vcxproj", "{5668E5B9-556A-4D53-9DEA-F6D98C79AB81}"
EndProject
Project("{8BC9CEB8-8B4A-11D0-8D11-00A0C91BC942}") = "N과M_2(15650번)", "N과M_2(15650번)\N과M_2(15650번).vcxproj", "{137839BA-95DF-45C4-8F48-AF38A9333D23}"
EndProject
Project("{8BC9CEB8-8B4A-11D0-8D11-00A0C91BC942}") = "N과M_3(15651번)", "N과M_3(15651번)\N과M_3(15651번).vcxproj", "{8C78ED61-5CFF-48A7-954B-8D37388195CC}"
EndProject
Project("{8BC9CEB8-8B4A-11D0-8D11-00A0C91BC942}") = "N과M_4(15652번)", "N과M_4(15652번)\N과M_4(15652번).vcxproj", "{AC8C97F8-80B3-4082-80CB-A11571B88F2B}"
EndProject
Project("{8BC9CEB8-8B4A-11D0-8D11-00A0C91BC942}") = "N_Queen(9663번)", "N_Queen(9663번)\N_Queen(9663번).vcxproj", "{749E75E5-D57E-4A33-B812-DF78D4F5D46C}"
EndProject
Project("{8BC9CEB8-8B4A-11D0-8D11-00A0C91BC942}") = "스타트와링크(14889번)", "스타트와링크(14889번)\스타트와링크(14889번).vcxproj", "{C21C8145-D1E4-4EF1-A169-3F6575ACEECF}"
EndProject
Project("{8BC9CEB8-8B4A-11D0-8D11-00A0C91BC942}") = "연산자 끼워넣기(14888번)", "연산자 끼워넣기(14888번)\연산자 끼워넣기(14888번).vcxproj", "{71AC18FE-0612-48DD-8EEA-2C9D7236CECE}"
EndProject
Project("{8BC9CEB8-8B4A-11D0-8D11-00A0C91BC942}") = "스도쿠(2580번)", "스도쿠(2580번)\스도쿠(2580번).vcxproj", "{54F852E6-2AFD-4B00-A28F-BE0D05FCA64B}"
EndProject
Project("{8BC9CEB8-8B4A-11D0-8D11-00A0C91BC942}") = "신나는함수실행(9184번)", "신나는함수실행(9184번)\신나는함수실행(9184번).vcxproj", "{49EE63C0-AFFB-4919-9AA5-BAB5BE7FAE14}"
EndProject
Project("{8BC9CEB8-8B4A-11D0-8D11-00A0C91BC942}") = "01타일(1904번)", "01타일(1904번)\01타일(1904번).vcxproj", "{3A6411DE-9A58-4AB5-B94A-CDEAC2A80575}"
EndProject
Project("{8BC9CEB8-8B4A-11D0-8D11-00A0C91BC942}") = "파도반수열(9461번)", "파도반수열(9461번)\파도반수열(9461번).vcxproj", "{6A312E5C-35EF-40AB-88E5-11D8B41D0F9D}"
EndProject
Project("{8BC9CEB8-8B4A-11D0-8D11-00A0C91BC942}") = "RGB거리(1149번)", "RGB거리(1149번)\RGB거리(1149번).vcxproj", "{F99D37A5-D11F-4202-8F7D-531B52503752}"
EndProject
Project("{8BC9CEB8-8B4A-11D0-8D11-00A0C91BC942}") = "가장긴증가하는부분수열(11053번)", "가장긴증가하는부분수열(11053번)\가장긴증가하는부분수열(11053번).vcxproj", "{8D816EA2-74A0-462F-B17D-39E4DA0C1891}"
EndProject
Project("{8BC9CEB8-8B4A-11D0-8D11-00A0C91BC942}") = "가장긴바이토닉부분수열(11054번)", "가장긴바이토닉부분수열(11054번)\가장긴바이토닉부분수열(11054번).vcxproj", "{7E283092-B74D-4D94-B047-2A3740E0E68D}"
EndProject
Project("{8BC9CEB8-8B4A-11D0-8D11-00A0C91BC942}") = "평범한배낭(12865번)", "평범한배낭(12865번)\평범한배낭(12865번).vcxproj", "{053198C5-ABAB-410F-B06E-08E3F9D62A96}"
EndProject
Project("{8BC9CEB8-8B4A-11D0-8D11-00A0C91BC942}") = "주유소(13305번)", "주유소(13305번)\주유소(13305번).vcxproj", "{2181B1CD-795D-4E9A-A981-C76EDFCC97AB}"
EndProject
Project("{8BC9CEB8-8B4A-11D0-8D11-00A0C91BC942}") = "동전0(11047번)", "동전0(11047번)\동전0(11047번).vcxproj", "{5D9E15A2-0368-4057-AC19-BADC9E6011DD}"
EndProject
Project("{8BC9CEB8-8B4A-11D0-8D11-00A0C91BC942}") = "오큰수(17298번)", "오큰수(17298번)\오큰수(17298번).vcxproj", "{9C6BBC0F-3FC0-47F5-80B7-0464ECFA73F0}"
EndProject
Project("{8BC9CEB8-8B4A-11D0-8D11-00A0C91BC942}") = "회전하는큐(1021번)", "회전하는큐(1021번)\회전하는큐(1021번).vcxproj", "{B15AD2A5-74BD-4435-A872-1B19B2FEE203}"
EndProject
Global
	GlobalSection(SolutionConfigurationPlatforms) = preSolution
		Debug|x64 = Debug|x64
		Debug|x86 = Debug|x86
		Release|x64 = Release|x64
		Release|x86 = Release|x86
	EndGlobalSection
	GlobalSection(ProjectConfigurationPlatforms) = postSolution
		{AC5B3018-3848-4C02-8BA9-293956989FF2}.Debug|x64.ActiveCfg = Debug|x64
		{AC5B3018-3848-4C02-8BA9-293956989FF2}.Debug|x64.Build.0 = Debug|x64
		{AC5B3018-3848-4C02-8BA9-293956989FF2}.Debug|x86.ActiveCfg = Debug|Win32
		{AC5B3018-3848-4C02-8BA9-293956989FF2}.Debug|x86.Build.0 = Debug|Win32
		{AC5B3018-3848-4C02-8BA9-293956989FF2}.Release|x64.ActiveCfg = Release|x64
		{AC5B3018-3848-4C02-8BA9-293956989FF2}.Release|x64.Build.0 = Release|x64
		{AC5B3018-3848-4C02-8BA9-293956989FF2}.Release|x86.ActiveCfg = Release|Win32
		{AC5B3018-3848-4C02-8BA9-293956989FF2}.Release|x86.Build.0 = Release|Win32
		{CDEC0C6F-5987-4722-91FF-EE666833ECEE}.Debug|x64.ActiveCfg = Debug|x64
		{CDEC0C6F-5987-4722-91FF-EE666833ECEE}.Debug|x64.Build.0 = Debug|x64
		{CDEC0C6F-5987-4722-91FF-EE666833ECEE}.Debug|x86.ActiveCfg = Debug|Win32
		{CDEC0C6F-5987-4722-91FF-EE666833ECEE}.Debug|x86.Build.0 = Debug|Win32
		{CDEC0C6F-5987-4722-91FF-EE666833ECEE}.Release|x64.ActiveCfg = Release|x64
		{CDEC0C6F-5987-4722-91FF-EE666833ECEE}.Release|x64.Build.0 = Release|x64
		{CDEC0C6F-5987-4722-91FF-EE666833ECEE}.Release|x86.ActiveCfg = Release|Win32
		{CDEC0C6F-5987-4722-91FF-EE666833ECEE}.Release|x86.Build.0 = Release|Win32
		{6214785C-4386-45C6-9546-51E45A16127C}.Debug|x64.ActiveCfg = Debug|x64
		{6214785C-4386-45C6-9546-51E45A16127C}.Debug|x64.Build.0 = Debug|x64
		{6214785C-4386-45C6-9546-51E45A16127C}.Debug|x86.ActiveCfg = Debug|Win32
		{6214785C-4386-45C6-9546-51E45A16127C}.Debug|x86.Build.0 = Debug|Win32
		{6214785C-4386-45C6-9546-51E45A16127C}.Release|x64.ActiveCfg = Release|x64
		{6214785C-4386-45C6-9546-51E45A16127C}.Release|x64.Build.0 = Release|x64
		{6214785C-4386-45C6-9546-51E45A16127C}.Release|x86.ActiveCfg = Release|Win32
		{6214785C-4386-45C6-9546-51E45A16127C}.Release|x86.Build.0 = Release|Win32
		{8217036F-D570-47A7-969D-813A1EC096FF}.Debug|x64.ActiveCfg = Debug|x64
		{8217036F-D570-47A7-969D-813A1EC096FF}.Debug|x64.Build.0 = Debug|x64
		{8217036F-D570-47A7-969D-813A1EC096FF}.Debug|x86.ActiveCfg = Debug|Win32
		{8217036F-D570-47A7-969D-813A1EC096FF}.Debug|x86.Build.0 = Debug|Win32
		{8217036F-D570-47A7-969D-813A1EC096FF}.Release|x64.ActiveCfg = Release|x64
		{8217036F-D570-47A7-969D-813A1EC096FF}.Release|x64.Build.0 = Release|x64
		{8217036F-D570-47A7-969D-813A1EC096FF}.Release|x86.ActiveCfg = Release|Win32
		{8217036F-D570-47A7-969D-813A1EC096FF}.Release|x86.Build.0 = Release|Win32
		{2046C5EE-F046-4C2D-971E-C264BFE8AF79}.Debug|x64.ActiveCfg = Debug|x64
		{2046C5EE-F046-4C2D-971E-C264BFE8AF79}.Debug|x64.Build.0 = Debug|x64
		{2046C5EE-F046-4C2D-971E-C264BFE8AF79}.Debug|x86.ActiveCfg = Debug|Win32
		{2046C5EE-F046-4C2D-971E-C264BFE8AF79}.Debug|x86.Build.0 = Debug|Win32
		{2046C5EE-F046-4C2D-971E-C264BFE8AF79}.Release|x64.ActiveCfg = Release|x64
		{2046C5EE-F046-4C2D-971E-C264BFE8AF79}.Release|x64.Build.0 = Release|x64
		{2046C5EE-F046-4C2D-971E-C264BFE8AF79}.Release|x86.ActiveCfg = Release|Win32
		{2046C5EE-F046-4C2D-971E-C264BFE8AF79}.Release|x86.Build.0 = Release|Win32
		{8E28747D-D5A5-4C10-BF23-E2B09BE30B74}.Debug|x64.ActiveCfg = Debug|x64
		{8E28747D-D5A5-4C10-BF23-E2B09BE30B74}.Debug|x64.Build.0 = Debug|x64
		{8E28747D-D5A5-4C10-BF23-E2B09BE30B74}.Debug|x86.ActiveCfg = Debug|Win32
		{8E28747D-D5A5-4C10-BF23-E2B09BE30B74}.Debug|x86.Build.0 = Debug|Win32
		{8E28747D-D5A5-4C10-BF23-E2B09BE30B74}.Release|x64.ActiveCfg = Release|x64
		{8E28747D-D5A5-4C10-BF23-E2B09BE30B74}.Release|x64.Build.0 = Release|x64
		{8E28747D-D5A5-4C10-BF23-E2B09BE30B74}.Release|x86.ActiveCfg = Release|Win32
		{8E28747D-D5A5-4C10-BF23-E2B09BE30B74}.Release|x86.Build.0 = Release|Win32
		{FBBA53B1-862E-4A2C-822B-DA6FC04BF02E}.Debug|x64.ActiveCfg = Debug|x64
		{FBBA53B1-862E-4A2C-822B-DA6FC04BF02E}.Debug|x64.Build.0 = Debug|x64
		{FBBA53B1-862E-4A2C-822B-DA6FC04BF02E}.Debug|x86.ActiveCfg = Debug|Win32
		{FBBA53B1-862E-4A2C-822B-DA6FC04BF02E}.Debug|x86.Build.0 = Debug|Win32
		{FBBA53B1-862E-4A2C-822B-DA6FC04BF02E}.Release|x64.ActiveCfg = Release|x64
		{FBBA53B1-862E-4A2C-822B-DA6FC04BF02E}.Release|x64.Build.0 = Release|x64
		{FBBA53B1-862E-4A2C-822B-DA6FC04BF02E}.Release|x86.ActiveCfg = Release|Win32
		{FBBA53B1-862E-4A2C-822B-DA6FC04BF02E}.Release|x86.Build.0 = Release|Win32
		{F086219E-A5D7-4DA3-992F-BE42A5847D1A}.Debug|x64.ActiveCfg = Debug|x64
		{F086219E-A5D7-4DA3-992F-BE42A5847D1A}.Debug|x64.Build.0 = Debug|x64
		{F086219E-A5D7-4DA3-992F-BE42A5847D1A}.Debug|x86.ActiveCfg = Debug|Win32
		{F086219E-A5D7-4DA3-992F-BE42A5847D1A}.Debug|x86.Build.0 = Debug|Win32
		{F086219E-A5D7-4DA3-992F-BE42A5847D1A}.Release|x64.ActiveCfg = Release|x64
		{F086219E-A5D7-4DA3-992F-BE42A5847D1A}.Release|x64.Build.0 = Release|x64
		{F086219E-A5D7-4DA3-992F-BE42A5847D1A}.Release|x86.ActiveCfg = Release|Win32
		{F086219E-A5D7-4DA3-992F-BE42A5847D1A}.Release|x86.Build.0 = Release|Win32
		{DEF238B6-BC46-430B-A655-6FCD660D6D34}.Debug|x64.ActiveCfg = Debug|x64
		{DEF238B6-BC46-430B-A655-6FCD660D6D34}.Debug|x64.Build.0 = Debug|x64
		{DEF238B6-BC46-430B-A655-6FCD660D6D34}.Debug|x86.ActiveCfg = Debug|Win32
		{DEF238B6-BC46-430B-A655-6FCD660D6D34}.Debug|x86.Build.0 = Debug|Win32
		{DEF238B6-BC46-430B-A655-6FCD660D6D34}.Release|x64.ActiveCfg = Release|x64
		{DEF238B6-BC46-430B-A655-6FCD660D6D34}.Release|x64.Build.0 = Release|x64
		{DEF238B6-BC46-430B-A655-6FCD660D6D34}.Release|x86.ActiveCfg = Release|Win32
		{DEF238B6-BC46-430B-A655-6FCD660D6D34}.Release|x86.Build.0 = Release|Win32
		{126DBF84-D543-4F92-878B-E5023990F017}.Debug|x64.ActiveCfg = Debug|x64
		{126DBF84-D543-4F92-878B-E5023990F017}.Debug|x64.Build.0 = Debug|x64
		{126DBF84-D543-4F92-878B-E5023990F017}.Debug|x86.ActiveCfg = Debug|Win32
		{126DBF84-D543-4F92-878B-E5023990F017}.Debug|x86.Build.0 = Debug|Win32
		{126DBF84-D543-4F92-878B-E5023990F017}.Release|x64.ActiveCfg = Release|x64
		{126DBF84-D543-4F92-878B-E5023990F017}.Release|x64.Build.0 = Release|x64
		{126DBF84-D543-4F92-878B-E5023990F017}.Release|x86.ActiveCfg = Release|Win32
		{126DBF84-D543-4F92-878B-E5023990F017}.Release|x86.Build.0 = Release|Win32
		{9B0DAF07-4BB7-4E34-9E90-38145612F6ED}.Debug|x64.ActiveCfg = Debug|x64
		{9B0DAF07-4BB7-4E34-9E90-38145612F6ED}.Debug|x64.Build.0 = Debug|x64
		{9B0DAF07-4BB7-4E34-9E90-38145612F6ED}.Debug|x86.ActiveCfg = Debug|Win32
		{9B0DAF07-4BB7-4E34-9E90-38145612F6ED}.Debug|x86.Build.0 = Debug|Win32
		{9B0DAF07-4BB7-4E34-9E90-38145612F6ED}.Release|x64.ActiveCfg = Release|x64
		{9B0DAF07-4BB7-4E34-9E90-38145612F6ED}.Release|x64.Build.0 = Release|x64
		{9B0DAF07-4BB7-4E34-9E90-38145612F6ED}.Release|x86.ActiveCfg = Release|Win32
		{9B0DAF07-4BB7-4E34-9E90-38145612F6ED}.Release|x86.Build.0 = Release|Win32
		{5843A130-CA04-4661-973C-2A37DE8AFD62}.Debug|x64.ActiveCfg = Debug|x64
		{5843A130-CA04-4661-973C-2A37DE8AFD62}.Debug|x64.Build.0 = Debug|x64
		{5843A130-CA04-4661-973C-2A37DE8AFD62}.Debug|x86.ActiveCfg = Debug|Win32
		{5843A130-CA04-4661-973C-2A37DE8AFD62}.Debug|x86.Build.0 = Debug|Win32
		{5843A130-CA04-4661-973C-2A37DE8AFD62}.Release|x64.ActiveCfg = Release|x64
		{5843A130-CA04-4661-973C-2A37DE8AFD62}.Release|x64.Build.0 = Release|x64
		{5843A130-CA04-4661-973C-2A37DE8AFD62}.Release|x86.ActiveCfg = Release|Win32
		{5843A130-CA04-4661-973C-2A37DE8AFD62}.Release|x86.Build.0 = Release|Win32
		{8FFE5D46-B7C6-45FA-980B-6790FEDC6EE5}.Debug|x64.ActiveCfg = Debug|x64
		{8FFE5D46-B7C6-45FA-980B-6790FEDC6EE5}.Debug|x64.Build.0 = Debug|x64
		{8FFE5D46-B7C6-45FA-980B-6790FEDC6EE5}.Debug|x86.ActiveCfg = Debug|Win32
		{8FFE5D46-B7C6-45FA-980B-6790FEDC6EE5}.Debug|x86.Build.0 = Debug|Win32
		{8FFE5D46-B7C6-45FA-980B-6790FEDC6EE5}.Release|x64.ActiveCfg = Release|x64
		{8FFE5D46-B7C6-45FA-980B-6790FEDC6EE5}.Release|x64.Build.0 = Release|x64
		{8FFE5D46-B7C6-45FA-980B-6790FEDC6EE5}.Release|x86.ActiveCfg = Release|Win32
		{8FFE5D46-B7C6-45FA-980B-6790FEDC6EE5}.Release|x86.Build.0 = Release|Win32
		{C1CB291F-7E5B-46B5-A757-3770D1D23B1A}.Debug|x64.ActiveCfg = Debug|x64
		{C1CB291F-7E5B-46B5-A757-3770D1D23B1A}.Debug|x64.Build.0 = Debug|x64
		{C1CB291F-7E5B-46B5-A757-3770D1D23B1A}.Debug|x86.ActiveCfg = Debug|Win32
		{C1CB291F-7E5B-46B5-A757-3770D1D23B1A}.Debug|x86.Build.0 = Debug|Win32
		{C1CB291F-7E5B-46B5-A757-3770D1D23B1A}.Release|x64.ActiveCfg = Release|x64
		{C1CB291F-7E5B-46B5-A757-3770D1D23B1A}.Release|x64.Build.0 = Release|x64
		{C1CB291F-7E5B-46B5-A757-3770D1D23B1A}.Release|x86.ActiveCfg = Release|Win32
		{C1CB291F-7E5B-46B5-A757-3770D1D23B1A}.Release|x86.Build.0 = Release|Win32
		{9151D014-EAFB-41EE-A647-A0117542FD28}.Debug|x64.ActiveCfg = Debug|x64
		{9151D014-EAFB-41EE-A647-A0117542FD28}.Debug|x64.Build.0 = Debug|x64
		{9151D014-EAFB-41EE-A647-A0117542FD28}.Debug|x86.ActiveCfg = Debug|Win32
		{9151D014-EAFB-41EE-A647-A0117542FD28}.Debug|x86.Build.0 = Debug|Win32
		{9151D014-EAFB-41EE-A647-A0117542FD28}.Release|x64.ActiveCfg = Release|x64
		{9151D014-EAFB-41EE-A647-A0117542FD28}.Release|x64.Build.0 = Release|x64
		{9151D014-EAFB-41EE-A647-A0117542FD28}.Release|x86.ActiveCfg = Release|Win32
		{9151D014-EAFB-41EE-A647-A0117542FD28}.Release|x86.Build.0 = Release|Win32
		{8F40FA88-BF83-4FC9-80F4-48D42D9E3583}.Debug|x64.ActiveCfg = Debug|x64
		{8F40FA88-BF83-4FC9-80F4-48D42D9E3583}.Debug|x64.Build.0 = Debug|x64
		{8F40FA88-BF83-4FC9-80F4-48D42D9E3583}.Debug|x86.ActiveCfg = Debug|Win32
		{8F40FA88-BF83-4FC9-80F4-48D42D9E3583}.Debug|x86.Build.0 = Debug|Win32
		{8F40FA88-BF83-4FC9-80F4-48D42D9E3583}.Release|x64.ActiveCfg = Release|x64
		{8F40FA88-BF83-4FC9-80F4-48D42D9E3583}.Release|x64.Build.0 = Release|x64
		{8F40FA88-BF83-4FC9-80F4-48D42D9E3583}.Release|x86.ActiveCfg = Release|Win32
		{8F40FA88-BF83-4FC9-80F4-48D42D9E3583}.Release|x86.Build.0 = Release|Win32
		{B7D8E320-0C13-4FA8-ABB6-835D8381FAC7}.Debug|x64.ActiveCfg = Debug|x64
		{B7D8E320-0C13-4FA8-ABB6-835D8381FAC7}.Debug|x64.Build.0 = Debug|x64
		{B7D8E320-0C13-4FA8-ABB6-835D8381FAC7}.Debug|x86.ActiveCfg = Debug|Win32
		{B7D8E320-0C13-4FA8-ABB6-835D8381FAC7}.Debug|x86.Build.0 = Debug|Win32
		{B7D8E320-0C13-4FA8-ABB6-835D8381FAC7}.Release|x64.ActiveCfg = Release|x64
		{B7D8E320-0C13-4FA8-ABB6-835D8381FAC7}.Release|x64.Build.0 = Release|x64
		{B7D8E320-0C13-4FA8-ABB6-835D8381FAC7}.Release|x86.ActiveCfg = Release|Win32
		{B7D8E320-0C13-4FA8-ABB6-835D8381FAC7}.Release|x86.Build.0 = Release|Win32
		{BDA8E66C-83BA-4329-B89B-39B860FC75CE}.Debug|x64.ActiveCfg = Debug|x64
		{BDA8E66C-83BA-4329-B89B-39B860FC75CE}.Debug|x64.Build.0 = Debug|x64
		{BDA8E66C-83BA-4329-B89B-39B860FC75CE}.Debug|x86.ActiveCfg = Debug|Win32
		{BDA8E66C-83BA-4329-B89B-39B860FC75CE}.Debug|x86.Build.0 = Debug|Win32
		{BDA8E66C-83BA-4329-B89B-39B860FC75CE}.Release|x64.ActiveCfg = Release|x64
		{BDA8E66C-83BA-4329-B89B-39B860FC75CE}.Release|x64.Build.0 = Release|x64
		{BDA8E66C-83BA-4329-B89B-39B860FC75CE}.Release|x86.ActiveCfg = Release|Win32
		{BDA8E66C-83BA-4329-B89B-39B860FC75CE}.Release|x86.Build.0 = Release|Win32
		{4A2B7819-6902-4470-BBDB-7303928B47A2}.Debug|x64.ActiveCfg = Debug|x64
		{4A2B7819-6902-4470-BBDB-7303928B47A2}.Debug|x64.Build.0 = Debug|x64
		{4A2B7819-6902-4470-BBDB-7303928B47A2}.Debug|x86.ActiveCfg = Debug|Win32
		{4A2B7819-6902-4470-BBDB-7303928B47A2}.Debug|x86.Build.0 = Debug|Win32
		{4A2B7819-6902-4470-BBDB-7303928B47A2}.Release|x64.ActiveCfg = Release|x64
		{4A2B7819-6902-4470-BBDB-7303928B47A2}.Release|x64.Build.0 = Release|x64
		{4A2B7819-6902-4470-BBDB-7303928B47A2}.Release|x86.ActiveCfg = Release|Win32
		{4A2B7819-6902-4470-BBDB-7303928B47A2}.Release|x86.Build.0 = Release|Win32
		{3C00CB96-C232-44FD-A11E-5B4E021239C5}.Debug|x64.ActiveCfg = Debug|x64
		{3C00CB96-C232-44FD-A11E-5B4E021239C5}.Debug|x64.Build.0 = Debug|x64
		{3C00CB96-C232-44FD-A11E-5B4E021239C5}.Debug|x86.ActiveCfg = Debug|Win32
		{3C00CB96-C232-44FD-A11E-5B4E021239C5}.Debug|x86.Build.0 = Debug|Win32
		{3C00CB96-C232-44FD-A11E-5B4E021239C5}.Release|x64.ActiveCfg = Release|x64
		{3C00CB96-C232-44FD-A11E-5B4E021239C5}.Release|x64.Build.0 = Release|x64
		{3C00CB96-C232-44FD-A11E-5B4E021239C5}.Release|x86.ActiveCfg = Release|Win32
		{3C00CB96-C232-44FD-A11E-5B4E021239C5}.Release|x86.Build.0 = Release|Win32
		{C0E7818E-0ECE-4ED1-B8ED-4615098CACD0}.Debug|x64.ActiveCfg = Debug|x64
		{C0E7818E-0ECE-4ED1-B8ED-4615098CACD0}.Debug|x64.Build.0 = Debug|x64
		{C0E7818E-0ECE-4ED1-B8ED-4615098CACD0}.Debug|x86.ActiveCfg = Debug|Win32
		{C0E7818E-0ECE-4ED1-B8ED-4615098CACD0}.Debug|x86.Build.0 = Debug|Win32
		{C0E7818E-0ECE-4ED1-B8ED-4615098CACD0}.Release|x64.ActiveCfg = Release|x64
		{C0E7818E-0ECE-4ED1-B8ED-4615098CACD0}.Release|x64.Build.0 = Release|x64
		{C0E7818E-0ECE-4ED1-B8ED-4615098CACD0}.Release|x86.ActiveCfg = Release|Win32
		{C0E7818E-0ECE-4ED1-B8ED-4615098CACD0}.Release|x86.Build.0 = Release|Win32
		{327AC2C1-336B-4371-969E-F05B3237C665}.Debug|x64.ActiveCfg = Debug|x64
		{327AC2C1-336B-4371-969E-F05B3237C665}.Debug|x64.Build.0 = Debug|x64
		{327AC2C1-336B-4371-969E-F05B3237C665}.Debug|x86.ActiveCfg = Debug|Win32
		{327AC2C1-336B-4371-969E-F05B3237C665}.Debug|x86.Build.0 = Debug|Win32
		{327AC2C1-336B-4371-969E-F05B3237C665}.Release|x64.ActiveCfg = Release|x64
		{327AC2C1-336B-4371-969E-F05B3237C665}.Release|x64.Build.0 = Release|x64
		{327AC2C1-336B-4371-969E-F05B3237C665}.Release|x86.ActiveCfg = Release|Win32
		{327AC2C1-336B-4371-969E-F05B3237C665}.Release|x86.Build.0 = Release|Win32
		{AA513D54-C48C-4B89-A8AC-852EF5053D45}.Debug|x64.ActiveCfg = Debug|x64
		{AA513D54-C48C-4B89-A8AC-852EF5053D45}.Debug|x64.Build.0 = Debug|x64
		{AA513D54-C48C-4B89-A8AC-852EF5053D45}.Debug|x86.ActiveCfg = Debug|Win32
		{AA513D54-C48C-4B89-A8AC-852EF5053D45}.Debug|x86.Build.0 = Debug|Win32
		{AA513D54-C48C-4B89-A8AC-852EF5053D45}.Release|x64.ActiveCfg = Release|x64
		{AA513D54-C48C-4B89-A8AC-852EF5053D45}.Release|x64.Build.0 = Release|x64
		{AA513D54-C48C-4B89-A8AC-852EF5053D45}.Release|x86.ActiveCfg = Release|Win32
		{AA513D54-C48C-4B89-A8AC-852EF5053D45}.Release|x86.Build.0 = Release|Win32
		{C8B1125E-5B84-4BF8-AE3A-F1E133B3827C}.Debug|x64.ActiveCfg = Debug|x64
		{C8B1125E-5B84-4BF8-AE3A-F1E133B3827C}.Debug|x64.Build.0 = Debug|x64
		{C8B1125E-5B84-4BF8-AE3A-F1E133B3827C}.Debug|x86.ActiveCfg = Debug|Win32
		{C8B1125E-5B84-4BF8-AE3A-F1E133B3827C}.Debug|x86.Build.0 = Debug|Win32
		{C8B1125E-5B84-4BF8-AE3A-F1E133B3827C}.Release|x64.ActiveCfg = Release|x64
		{C8B1125E-5B84-4BF8-AE3A-F1E133B3827C}.Release|x64.Build.0 = Release|x64
		{C8B1125E-5B84-4BF8-AE3A-F1E133B3827C}.Release|x86.ActiveCfg = Release|Win32
		{C8B1125E-5B84-4BF8-AE3A-F1E133B3827C}.Release|x86.Build.0 = Release|Win32
		{96C664F4-04F9-47A3-8553-ECE3C8DDA88B}.Debug|x64.ActiveCfg = Debug|x64
		{96C664F4-04F9-47A3-8553-ECE3C8DDA88B}.Debug|x64.Build.0 = Debug|x64
		{96C664F4-04F9-47A3-8553-ECE3C8DDA88B}.Debug|x86.ActiveCfg = Debug|Win32
		{96C664F4-04F9-47A3-8553-ECE3C8DDA88B}.Debug|x86.Build.0 = Debug|Win32
		{96C664F4-04F9-47A3-8553-ECE3C8DDA88B}.Release|x64.ActiveCfg = Release|x64
		{96C664F4-04F9-47A3-8553-ECE3C8DDA88B}.Release|x64.Build.0 = Release|x64
		{96C664F4-04F9-47A3-8553-ECE3C8DDA88B}.Release|x86.ActiveCfg = Release|Win32
		{96C664F4-04F9-47A3-8553-ECE3C8DDA88B}.Release|x86.Build.0 = Release|Win32
		{FA45C2C8-A67B-4F46-939C-0621E1E2A078}.Debug|x64.ActiveCfg = Debug|x64
		{FA45C2C8-A67B-4F46-939C-0621E1E2A078}.Debug|x64.Build.0 = Debug|x64
		{FA45C2C8-A67B-4F46-939C-0621E1E2A078}.Debug|x86.ActiveCfg = Debug|Win32
		{FA45C2C8-A67B-4F46-939C-0621E1E2A078}.Debug|x86.Build.0 = Debug|Win32
		{FA45C2C8-A67B-4F46-939C-0621E1E2A078}.Release|x64.ActiveCfg = Release|x64
		{FA45C2C8-A67B-4F46-939C-0621E1E2A078}.Release|x64.Build.0 = Release|x64
		{FA45C2C8-A67B-4F46-939C-0621E1E2A078}.Release|x86.ActiveCfg = Release|Win32
		{FA45C2C8-A67B-4F46-939C-0621E1E2A078}.Release|x86.Build.0 = Release|Win32
		{3DD4EB33-F0F5-41EA-9538-8BE5CB40E97D}.Debug|x64.ActiveCfg = Debug|x64
		{3DD4EB33-F0F5-41EA-9538-8BE5CB40E97D}.Debug|x64.Build.0 = Debug|x64
		{3DD4EB33-F0F5-41EA-9538-8BE5CB40E97D}.Debug|x86.ActiveCfg = Debug|Win32
		{3DD4EB33-F0F5-41EA-9538-8BE5CB40E97D}.Debug|x86.Build.0 = Debug|Win32
		{3DD4EB33-F0F5-41EA-9538-8BE5CB40E97D}.Release|x64.ActiveCfg = Release|x64
		{3DD4EB33-F0F5-41EA-9538-8BE5CB40E97D}.Release|x64.Build.0 = Release|x64
		{3DD4EB33-F0F5-41EA-9538-8BE5CB40E97D}.Release|x86.ActiveCfg = Release|Win32
		{3DD4EB33-F0F5-41EA-9538-8BE5CB40E97D}.Release|x86.Build.0 = Release|Win32
		{1906A6CF-0376-4AB7-BB17-5BF0C41D8AAD}.Debug|x64.ActiveCfg = Debug|x64
		{1906A6CF-0376-4AB7-BB17-5BF0C41D8AAD}.Debug|x64.Build.0 = Debug|x64
		{1906A6CF-0376-4AB7-BB17-5BF0C41D8AAD}.Debug|x86.ActiveCfg = Debug|Win32
		{1906A6CF-0376-4AB7-BB17-5BF0C41D8AAD}.Debug|x86.Build.0 = Debug|Win32
		{1906A6CF-0376-4AB7-BB17-5BF0C41D8AAD}.Release|x64.ActiveCfg = Release|x64
		{1906A6CF-0376-4AB7-BB17-5BF0C41D8AAD}.Release|x64.Build.0 = Release|x64
		{1906A6CF-0376-4AB7-BB17-5BF0C41D8AAD}.Release|x86.ActiveCfg = Release|Win32
		{1906A6CF-0376-4AB7-BB17-5BF0C41D8AAD}.Release|x86.Build.0 = Release|Win32
		{F0254B1F-D0FA-43BC-A107-209BBD2D05A3}.Debug|x64.ActiveCfg = Debug|x64
		{F0254B1F-D0FA-43BC-A107-209BBD2D05A3}.Debug|x64.Build.0 = Debug|x64
		{F0254B1F-D0FA-43BC-A107-209BBD2D05A3}.Debug|x86.ActiveCfg = Debug|Win32
		{F0254B1F-D0FA-43BC-A107-209BBD2D05A3}.Debug|x86.Build.0 = Debug|Win32
		{F0254B1F-D0FA-43BC-A107-209BBD2D05A3}.Release|x64.ActiveCfg = Release|x64
		{F0254B1F-D0FA-43BC-A107-209BBD2D05A3}.Release|x64.Build.0 = Release|x64
		{F0254B1F-D0FA-43BC-A107-209BBD2D05A3}.Release|x86.ActiveCfg = Release|Win32
		{F0254B1F-D0FA-43BC-A107-209BBD2D05A3}.Release|x86.Build.0 = Release|Win32
		{BA49F6B7-16E1-4840-9FE3-D2323451496B}.Debug|x64.ActiveCfg = Debug|x64
		{BA49F6B7-16E1-4840-9FE3-D2323451496B}.Debug|x64.Build.0 = Debug|x64
		{BA49F6B7-16E1-4840-9FE3-D2323451496B}.Debug|x86.ActiveCfg = Debug|Win32
		{BA49F6B7-16E1-4840-9FE3-D2323451496B}.Debug|x86.Build.0 = Debug|Win32
		{BA49F6B7-16E1-4840-9FE3-D2323451496B}.Release|x64.ActiveCfg = Release|x64
		{BA49F6B7-16E1-4840-9FE3-D2323451496B}.Release|x64.Build.0 = Release|x64
		{BA49F6B7-16E1-4840-9FE3-D2323451496B}.Release|x86.ActiveCfg = Release|Win32
		{BA49F6B7-16E1-4840-9FE3-D2323451496B}.Release|x86.Build.0 = Release|Win32
		{967C7984-6248-490E-A9DC-B78F965BC639}.Debug|x64.ActiveCfg = Debug|x64
		{967C7984-6248-490E-A9DC-B78F965BC639}.Debug|x64.Build.0 = Debug|x64
		{967C7984-6248-490E-A9DC-B78F965BC639}.Debug|x86.ActiveCfg = Debug|Win32
		{967C7984-6248-490E-A9DC-B78F965BC639}.Debug|x86.Build.0 = Debug|Win32
		{967C7984-6248-490E-A9DC-B78F965BC639}.Release|x64.ActiveCfg = Release|x64
		{967C7984-6248-490E-A9DC-B78F965BC639}.Release|x64.Build.0 = Release|x64
		{967C7984-6248-490E-A9DC-B78F965BC639}.Release|x86.ActiveCfg = Release|Win32
		{967C7984-6248-490E-A9DC-B78F965BC639}.Release|x86.Build.0 = Release|Win32
		{E72BD5F6-95DC-46FC-9B5F-A98B0D6FB61D}.Debug|x64.ActiveCfg = Debug|x64
		{E72BD5F6-95DC-46FC-9B5F-A98B0D6FB61D}.Debug|x64.Build.0 = Debug|x64
		{E72BD5F6-95DC-46FC-9B5F-A98B0D6FB61D}.Debug|x86.ActiveCfg = Debug|Win32
		{E72BD5F6-95DC-46FC-9B5F-A98B0D6FB61D}.Debug|x86.Build.0 = Debug|Win32
		{E72BD5F6-95DC-46FC-9B5F-A98B0D6FB61D}.Release|x64.ActiveCfg = Release|x64
		{E72BD5F6-95DC-46FC-9B5F-A98B0D6FB61D}.Release|x64.Build.0 = Release|x64
		{E72BD5F6-95DC-46FC-9B5F-A98B0D6FB61D}.Release|x86.ActiveCfg = Release|Win32
		{E72BD5F6-95DC-46FC-9B5F-A98B0D6FB61D}.Release|x86.Build.0 = Release|Win32
		{F12B3603-8B16-4D11-BB72-3AAD5634753B}.Debug|x64.ActiveCfg = Debug|x64
		{F12B3603-8B16-4D11-BB72-3AAD5634753B}.Debug|x64.Build.0 = Debug|x64
		{F12B3603-8B16-4D11-BB72-3AAD5634753B}.Debug|x86.ActiveCfg = Debug|Win32
		{F12B3603-8B16-4D11-BB72-3AAD5634753B}.Debug|x86.Build.0 = Debug|Win32
		{F12B3603-8B16-4D11-BB72-3AAD5634753B}.Release|x64.ActiveCfg = Release|x64
		{F12B3603-8B16-4D11-BB72-3AAD5634753B}.Release|x64.Build.0 = Release|x64
		{F12B3603-8B16-4D11-BB72-3AAD5634753B}.Release|x86.ActiveCfg = Release|Win32
		{F12B3603-8B16-4D11-BB72-3AAD5634753B}.Release|x86.Build.0 = Release|Win32
		{7E3CA4E6-57DA-4C41-9CD3-168A58149841}.Debug|x64.ActiveCfg = Debug|x64
		{7E3CA4E6-57DA-4C41-9CD3-168A58149841}.Debug|x64.Build.0 = Debug|x64
		{7E3CA4E6-57DA-4C41-9CD3-168A58149841}.Debug|x86.ActiveCfg = Debug|Win32
		{7E3CA4E6-57DA-4C41-9CD3-168A58149841}.Debug|x86.Build.0 = Debug|Win32
		{7E3CA4E6-57DA-4C41-9CD3-168A58149841}.Release|x64.ActiveCfg = Release|x64
		{7E3CA4E6-57DA-4C41-9CD3-168A58149841}.Release|x64.Build.0 = Release|x64
		{7E3CA4E6-57DA-4C41-9CD3-168A58149841}.Release|x86.ActiveCfg = Release|Win32
		{7E3CA4E6-57DA-4C41-9CD3-168A58149841}.Release|x86.Build.0 = Release|Win32
		{2428CAE3-6E32-483D-8274-26DAA91DAB9D}.Debug|x64.ActiveCfg = Debug|x64
		{2428CAE3-6E32-483D-8274-26DAA91DAB9D}.Debug|x64.Build.0 = Debug|x64
		{2428CAE3-6E32-483D-8274-26DAA91DAB9D}.Debug|x86.ActiveCfg = Debug|Win32
		{2428CAE3-6E32-483D-8274-26DAA91DAB9D}.Debug|x86.Build.0 = Debug|Win32
		{2428CAE3-6E32-483D-8274-26DAA91DAB9D}.Release|x64.ActiveCfg = Release|x64
		{2428CAE3-6E32-483D-8274-26DAA91DAB9D}.Release|x64.Build.0 = Release|x64
		{2428CAE3-6E32-483D-8274-26DAA91DAB9D}.Release|x86.ActiveCfg = Release|Win32
		{2428CAE3-6E32-483D-8274-26DAA91DAB9D}.Release|x86.Build.0 = Release|Win32
		{469ECD11-29E2-47BA-B992-27B84D5729E6}.Debug|x64.ActiveCfg = Debug|x64
		{469ECD11-29E2-47BA-B992-27B84D5729E6}.Debug|x64.Build.0 = Debug|x64
		{469ECD11-29E2-47BA-B992-27B84D5729E6}.Debug|x86.ActiveCfg = Debug|Win32
		{469ECD11-29E2-47BA-B992-27B84D5729E6}.Debug|x86.Build.0 = Debug|Win32
		{469ECD11-29E2-47BA-B992-27B84D5729E6}.Release|x64.ActiveCfg = Release|x64
		{469ECD11-29E2-47BA-B992-27B84D5729E6}.Release|x64.Build.0 = Release|x64
		{469ECD11-29E2-47BA-B992-27B84D5729E6}.Release|x86.ActiveCfg = Release|Win32
		{469ECD11-29E2-47BA-B992-27B84D5729E6}.Release|x86.Build.0 = Release|Win32
		{E48CE9A9-7050-4525-B868-78690DF7EA22}.Debug|x64.ActiveCfg = Debug|x64
		{E48CE9A9-7050-4525-B868-78690DF7EA22}.Debug|x64.Build.0 = Debug|x64
		{E48CE9A9-7050-4525-B868-78690DF7EA22}.Debug|x86.ActiveCfg = Debug|Win32
		{E48CE9A9-7050-4525-B868-78690DF7EA22}.Debug|x86.Build.0 = Debug|Win32
		{E48CE9A9-7050-4525-B868-78690DF7EA22}.Release|x64.ActiveCfg = Release|x64
		{E48CE9A9-7050-4525-B868-78690DF7EA22}.Release|x64.Build.0 = Release|x64
		{E48CE9A9-7050-4525-B868-78690DF7EA22}.Release|x86.ActiveCfg = Release|Win32
		{E48CE9A9-7050-4525-B868-78690DF7EA22}.Release|x86.Build.0 = Release|Win32
		{12E4D74B-9516-427E-863D-09B5226B697A}.Debug|x64.ActiveCfg = Debug|x64
		{12E4D74B-9516-427E-863D-09B5226B697A}.Debug|x64.Build.0 = Debug|x64
		{12E4D74B-9516-427E-863D-09B5226B697A}.Debug|x86.ActiveCfg = Debug|Win32
		{12E4D74B-9516-427E-863D-09B5226B697A}.Debug|x86.Build.0 = Debug|Win32
		{12E4D74B-9516-427E-863D-09B5226B697A}.Release|x64.ActiveCfg = Release|x64
		{12E4D74B-9516-427E-863D-09B5226B697A}.Release|x64.Build.0 = Release|x64
		{12E4D74B-9516-427E-863D-09B5226B697A}.Release|x86.ActiveCfg = Release|Win32
		{12E4D74B-9516-427E-863D-09B5226B697A}.Release|x86.Build.0 = Release|Win32
		{726C37E2-A87E-4AE3-8B0C-618A6435EE01}.Debug|x64.ActiveCfg = Debug|x64
		{726C37E2-A87E-4AE3-8B0C-618A6435EE01}.Debug|x64.Build.0 = Debug|x64
		{726C37E2-A87E-4AE3-8B0C-618A6435EE01}.Debug|x86.ActiveCfg = Debug|Win32
		{726C37E2-A87E-4AE3-8B0C-618A6435EE01}.Debug|x86.Build.0 = Debug|Win32
		{726C37E2-A87E-4AE3-8B0C-618A6435EE01}.Release|x64.ActiveCfg = Release|x64
		{726C37E2-A87E-4AE3-8B0C-618A6435EE01}.Release|x64.Build.0 = Release|x64
		{726C37E2-A87E-4AE3-8B0C-618A6435EE01}.Release|x86.ActiveCfg = Release|Win32
		{726C37E2-A87E-4AE3-8B0C-618A6435EE01}.Release|x86.Build.0 = Release|Win32
		{D8969183-86A8-4E17-921A-5C040FBF63F1}.Debug|x64.ActiveCfg = Debug|x64
		{D8969183-86A8-4E17-921A-5C040FBF63F1}.Debug|x64.Build.0 = Debug|x64
		{D8969183-86A8-4E17-921A-5C040FBF63F1}.Debug|x86.ActiveCfg = Debug|Win32
		{D8969183-86A8-4E17-921A-5C040FBF63F1}.Debug|x86.Build.0 = Debug|Win32
		{D8969183-86A8-4E17-921A-5C040FBF63F1}.Release|x64.ActiveCfg = Release|x64
		{D8969183-86A8-4E17-921A-5C040FBF63F1}.Release|x64.Build.0 = Release|x64
		{D8969183-86A8-4E17-921A-5C040FBF63F1}.Release|x86.ActiveCfg = Release|Win32
		{D8969183-86A8-4E17-921A-5C040FBF63F1}.Release|x86.Build.0 = Release|Win32
		{7344CF2E-DCA2-4978-B6E1-FD2490CB5236}.Debug|x64.ActiveCfg = Debug|x64
		{7344CF2E-DCA2-4978-B6E1-FD2490CB5236}.Debug|x64.Build.0 = Debug|x64
		{7344CF2E-DCA2-4978-B6E1-FD2490CB5236}.Debug|x86.ActiveCfg = Debug|Win32
		{7344CF2E-DCA2-4978-B6E1-FD2490CB5236}.Debug|x86.Build.0 = Debug|Win32
		{7344CF2E-DCA2-4978-B6E1-FD2490CB5236}.Release|x64.ActiveCfg = Release|x64
		{7344CF2E-DCA2-4978-B6E1-FD2490CB5236}.Release|x64.Build.0 = Release|x64
		{7344CF2E-DCA2-4978-B6E1-FD2490CB5236}.Release|x86.ActiveCfg = Release|Win32
		{7344CF2E-DCA2-4978-B6E1-FD2490CB5236}.Release|x86.Build.0 = Release|Win32
		{01A18FE5-29CB-42B8-815F-0EAC15FF8283}.Debug|x64.ActiveCfg = Debug|x64
		{01A18FE5-29CB-42B8-815F-0EAC15FF8283}.Debug|x64.Build.0 = Debug|x64
		{01A18FE5-29CB-42B8-815F-0EAC15FF8283}.Debug|x86.ActiveCfg = Debug|Win32
		{01A18FE5-29CB-42B8-815F-0EAC15FF8283}.Debug|x86.Build.0 = Debug|Win32
		{01A18FE5-29CB-42B8-815F-0EAC15FF8283}.Release|x64.ActiveCfg = Release|x64
		{01A18FE5-29CB-42B8-815F-0EAC15FF8283}.Release|x64.Build.0 = Release|x64
		{01A18FE5-29CB-42B8-815F-0EAC15FF8283}.Release|x86.ActiveCfg = Release|Win32
		{01A18FE5-29CB-42B8-815F-0EAC15FF8283}.Release|x86.Build.0 = Release|Win32
		{B1454AF6-6EB9-4C06-8BAC-A99156AC5443}.Debug|x64.ActiveCfg = Debug|x64
		{B1454AF6-6EB9-4C06-8BAC-A99156AC5443}.Debug|x64.Build.0 = Debug|x64
		{B1454AF6-6EB9-4C06-8BAC-A99156AC5443}.Debug|x86.ActiveCfg = Debug|Win32
		{B1454AF6-6EB9-4C06-8BAC-A99156AC5443}.Debug|x86.Build.0 = Debug|Win32
		{B1454AF6-6EB9-4C06-8BAC-A99156AC5443}.Release|x64.ActiveCfg = Release|x64
		{B1454AF6-6EB9-4C06-8BAC-A99156AC5443}.Release|x64.Build.0 = Release|x64
		{B1454AF6-6EB9-4C06-8BAC-A99156AC5443}.Release|x86.ActiveCfg = Release|Win32
		{B1454AF6-6EB9-4C06-8BAC-A99156AC5443}.Release|x86.Build.0 = Release|Win32
		{FCF5FAC3-9D6F-45CE-A2B7-CC075F64A804}.Debug|x64.ActiveCfg = Debug|x64
		{FCF5FAC3-9D6F-45CE-A2B7-CC075F64A804}.Debug|x64.Build.0 = Debug|x64
		{FCF5FAC3-9D6F-45CE-A2B7-CC075F64A804}.Debug|x86.ActiveCfg = Debug|Win32
		{FCF5FAC3-9D6F-45CE-A2B7-CC075F64A804}.Debug|x86.Build.0 = Debug|Win32
		{FCF5FAC3-9D6F-45CE-A2B7-CC075F64A804}.Release|x64.ActiveCfg = Release|x64
		{FCF5FAC3-9D6F-45CE-A2B7-CC075F64A804}.Release|x64.Build.0 = Release|x64
		{FCF5FAC3-9D6F-45CE-A2B7-CC075F64A804}.Release|x86.ActiveCfg = Release|Win32
		{FCF5FAC3-9D6F-45CE-A2B7-CC075F64A804}.Release|x86.Build.0 = Release|Win32
		{351FB3CB-DC49-49BE-813F-E04A8ADD04D6}.Debug|x64.ActiveCfg = Debug|x64
		{351FB3CB-DC49-49BE-813F-E04A8ADD04D6}.Debug|x64.Build.0 = Debug|x64
		{351FB3CB-DC49-49BE-813F-E04A8ADD04D6}.Debug|x86.ActiveCfg = Debug|Win32
		{351FB3CB-DC49-49BE-813F-E04A8ADD04D6}.Debug|x86.Build.0 = Debug|Win32
		{351FB3CB-DC49-49BE-813F-E04A8ADD04D6}.Release|x64.ActiveCfg = Release|x64
		{351FB3CB-DC49-49BE-813F-E04A8ADD04D6}.Release|x64.Build.0 = Release|x64
		{351FB3CB-DC49-49BE-813F-E04A8ADD04D6}.Release|x86.ActiveCfg = Release|Win32
		{351FB3CB-DC49-49BE-813F-E04A8ADD04D6}.Release|x86.Build.0 = Release|Win32
		{F9198B93-6CE3-4587-BFA4-4B77587CD104}.Debug|x64.ActiveCfg = Debug|x64
		{F9198B93-6CE3-4587-BFA4-4B77587CD104}.Debug|x64.Build.0 = Debug|x64
		{F9198B93-6CE3-4587-BFA4-4B77587CD104}.Debug|x86.ActiveCfg = Debug|Win32
		{F9198B93-6CE3-4587-BFA4-4B77587CD104}.Debug|x86.Build.0 = Debug|Win32
		{F9198B93-6CE3-4587-BFA4-4B77587CD104}.Release|x64.ActiveCfg = Release|x64
		{F9198B93-6CE3-4587-BFA4-4B77587CD104}.Release|x64.Build.0 = Release|x64
		{F9198B93-6CE3-4587-BFA4-4B77587CD104}.Release|x86.ActiveCfg = Release|Win32
		{F9198B93-6CE3-4587-BFA4-4B77587CD104}.Release|x86.Build.0 = Release|Win32
		{D99204D0-3391-46E5-9F0E-7C34CE25AB03}.Debug|x64.ActiveCfg = Debug|x64
		{D99204D0-3391-46E5-9F0E-7C34CE25AB03}.Debug|x64.Build.0 = Debug|x64
		{D99204D0-3391-46E5-9F0E-7C34CE25AB03}.Debug|x86.ActiveCfg = Debug|Win32
		{D99204D0-3391-46E5-9F0E-7C34CE25AB03}.Debug|x86.Build.0 = Debug|Win32
		{D99204D0-3391-46E5-9F0E-7C34CE25AB03}.Release|x64.ActiveCfg = Release|x64
		{D99204D0-3391-46E5-9F0E-7C34CE25AB03}.Release|x64.Build.0 = Release|x64
		{D99204D0-3391-46E5-9F0E-7C34CE25AB03}.Release|x86.ActiveCfg = Release|Win32
		{D99204D0-3391-46E5-9F0E-7C34CE25AB03}.Release|x86.Build.0 = Release|Win32
		{1CE2AD69-0E9C-4FC9-B93B-7F47907452B1}.Debug|x64.ActiveCfg = Debug|x64
		{1CE2AD69-0E9C-4FC9-B93B-7F47907452B1}.Debug|x64.Build.0 = Debug|x64
		{1CE2AD69-0E9C-4FC9-B93B-7F47907452B1}.Debug|x86.ActiveCfg = Debug|Win32
		{1CE2AD69-0E9C-4FC9-B93B-7F47907452B1}.Debug|x86.Build.0 = Debug|Win32
		{1CE2AD69-0E9C-4FC9-B93B-7F47907452B1}.Release|x64.ActiveCfg = Release|x64
		{1CE2AD69-0E9C-4FC9-B93B-7F47907452B1}.Release|x64.Build.0 = Release|x64
		{1CE2AD69-0E9C-4FC9-B93B-7F47907452B1}.Release|x86.ActiveCfg = Release|Win32
		{1CE2AD69-0E9C-4FC9-B93B-7F47907452B1}.Release|x86.Build.0 = Release|Win32
		{29172929-C2C9-4183-BA00-439BD4D25140}.Debug|x64.ActiveCfg = Debug|x64
		{29172929-C2C9-4183-BA00-439BD4D25140}.Debug|x64.Build.0 = Debug|x64
		{29172929-C2C9-4183-BA00-439BD4D25140}.Debug|x86.ActiveCfg = Debug|Win32
		{29172929-C2C9-4183-BA00-439BD4D25140}.Debug|x86.Build.0 = Debug|Win32
		{29172929-C2C9-4183-BA00-439BD4D25140}.Release|x64.ActiveCfg = Release|x64
		{29172929-C2C9-4183-BA00-439BD4D25140}.Release|x64.Build.0 = Release|x64
		{29172929-C2C9-4183-BA00-439BD4D25140}.Release|x86.ActiveCfg = Release|Win32
		{29172929-C2C9-4183-BA00-439BD4D25140}.Release|x86.Build.0 = Release|Win32
		{0500A54D-1C35-42B6-8173-09329C0C9569}.Debug|x64.ActiveCfg = Debug|x64
		{0500A54D-1C35-42B6-8173-09329C0C9569}.Debug|x64.Build.0 = Debug|x64
		{0500A54D-1C35-42B6-8173-09329C0C9569}.Debug|x86.ActiveCfg = Debug|Win32
		{0500A54D-1C35-42B6-8173-09329C0C9569}.Debug|x86.Build.0 = Debug|Win32
		{0500A54D-1C35-42B6-8173-09329C0C9569}.Release|x64.ActiveCfg = Release|x64
		{0500A54D-1C35-42B6-8173-09329C0C9569}.Release|x64.Build.0 = Release|x64
		{0500A54D-1C35-42B6-8173-09329C0C9569}.Release|x86.ActiveCfg = Release|Win32
		{0500A54D-1C35-42B6-8173-09329C0C9569}.Release|x86.Build.0 = Release|Win32
		{E5831695-6353-49B0-93EA-5E4D22BDA53C}.Debug|x64.ActiveCfg = Debug|x64
		{E5831695-6353-49B0-93EA-5E4D22BDA53C}.Debug|x64.Build.0 = Debug|x64
		{E5831695-6353-49B0-93EA-5E4D22BDA53C}.Debug|x86.ActiveCfg = Debug|Win32
		{E5831695-6353-49B0-93EA-5E4D22BDA53C}.Debug|x86.Build.0 = Debug|Win32
		{E5831695-6353-49B0-93EA-5E4D22BDA53C}.Release|x64.ActiveCfg = Release|x64
		{E5831695-6353-49B0-93EA-5E4D22BDA53C}.Release|x64.Build.0 = Release|x64
		{E5831695-6353-49B0-93EA-5E4D22BDA53C}.Release|x86.ActiveCfg = Release|Win32
		{E5831695-6353-49B0-93EA-5E4D22BDA53C}.Release|x86.Build.0 = Release|Win32
		{3E00025A-1278-4B6E-A8B3-7B2A1249ADC8}.Debug|x64.ActiveCfg = Debug|x64
		{3E00025A-1278-4B6E-A8B3-7B2A1249ADC8}.Debug|x64.Build.0 = Debug|x64
		{3E00025A-1278-4B6E-A8B3-7B2A1249ADC8}.Debug|x86.ActiveCfg = Debug|Win32
		{3E00025A-1278-4B6E-A8B3-7B2A1249ADC8}.Debug|x86.Build.0 = Debug|Win32
		{3E00025A-1278-4B6E-A8B3-7B2A1249ADC8}.Release|x64.ActiveCfg = Release|x64
		{3E00025A-1278-4B6E-A8B3-7B2A1249ADC8}.Release|x64.Build.0 = Release|x64
		{3E00025A-1278-4B6E-A8B3-7B2A1249ADC8}.Release|x86.ActiveCfg = Release|Win32
		{3E00025A-1278-4B6E-A8B3-7B2A1249ADC8}.Release|x86.Build.0 = Release|Win32
		{2E797957-E0CD-4461-8D32-DBA19E2C4029}.Debug|x64.ActiveCfg = Debug|x64
		{2E797957-E0CD-4461-8D32-DBA19E2C4029}.Debug|x64.Build.0 = Debug|x64
		{2E797957-E0CD-4461-8D32-DBA19E2C4029}.Debug|x86.ActiveCfg = Debug|Win32
		{2E797957-E0CD-4461-8D32-DBA19E2C4029}.Debug|x86.Build.0 = Debug|Win32
		{2E797957-E0CD-4461-8D32-DBA19E2C4029}.Release|x64.ActiveCfg = Release|x64
		{2E797957-E0CD-4461-8D32-DBA19E2C4029}.Release|x64.Build.0 = Release|x64
		{2E797957-E0CD-4461-8D32-DBA19E2C4029}.Release|x86.ActiveCfg = Release|Win32
		{2E797957-E0CD-4461-8D32-DBA19E2C4029}.Release|x86.Build.0 = Release|Win32
		{50000414-35D8-496C-BC47-7F7234D1ADE2}.Debug|x64.ActiveCfg = Debug|x64
		{50000414-35D8-496C-BC47-7F7234D1ADE2}.Debug|x64.Build.0 = Debug|x64
		{50000414-35D8-496C-BC47-7F7234D1ADE2}.Debug|x86.ActiveCfg = Debug|Win32
		{50000414-35D8-496C-BC47-7F7234D1ADE2}.Debug|x86.Build.0 = Debug|Win32
		{50000414-35D8-496C-BC47-7F7234D1ADE2}.Release|x64.ActiveCfg = Release|x64
		{50000414-35D8-496C-BC47-7F7234D1ADE2}.Release|x64.Build.0 = Release|x64
		{50000414-35D8-496C-BC47-7F7234D1ADE2}.Release|x86.ActiveCfg = Release|Win32
		{50000414-35D8-496C-BC47-7F7234D1ADE2}.Release|x86.Build.0 = Release|Win32
		{35D4B83D-8CD7-4297-BC20-A82AF834828B}.Debug|x64.ActiveCfg = Debug|x64
		{35D4B83D-8CD7-4297-BC20-A82AF834828B}.Debug|x64.Build.0 = Debug|x64
		{35D4B83D-8CD7-4297-BC20-A82AF834828B}.Debug|x86.ActiveCfg = Debug|Win32
		{35D4B83D-8CD7-4297-BC20-A82AF834828B}.Debug|x86.Build.0 = Debug|Win32
		{35D4B83D-8CD7-4297-BC20-A82AF834828B}.Release|x64.ActiveCfg = Release|x64
		{35D4B83D-8CD7-4297-BC20-A82AF834828B}.Release|x64.Build.0 = Release|x64
		{35D4B83D-8CD7-4297-BC20-A82AF834828B}.Release|x86.ActiveCfg = Release|Win32
		{35D4B83D-8CD7-4297-BC20-A82AF834828B}.Release|x86.Build.0 = Release|Win32
		{22FE4BC0-3FD5-4E9E-9472-404C7E6BAEA2}.Debug|x64.ActiveCfg = Debug|x64
		{22FE4BC0-3FD5-4E9E-9472-404C7E6BAEA2}.Debug|x64.Build.0 = Debug|x64
		{22FE4BC0-3FD5-4E9E-9472-404C7E6BAEA2}.Debug|x86.ActiveCfg = Debug|Win32
		{22FE4BC0-3FD5-4E9E-9472-404C7E6BAEA2}.Debug|x86.Build.0 = Debug|Win32
		{22FE4BC0-3FD5-4E9E-9472-404C7E6BAEA2}.Release|x64.ActiveCfg = Release|x64
		{22FE4BC0-3FD5-4E9E-9472-404C7E6BAEA2}.Release|x64.Build.0 = Release|x64
		{22FE4BC0-3FD5-4E9E-9472-404C7E6BAEA2}.Release|x86.ActiveCfg = Release|Win32
		{22FE4BC0-3FD5-4E9E-9472-404C7E6BAEA2}.Release|x86.Build.0 = Release|Win32
		{FB2E4B42-ECF2-4CD0-862A-6D197E4B01BE}.Debug|x64.ActiveCfg = Debug|x64
		{FB2E4B42-ECF2-4CD0-862A-6D197E4B01BE}.Debug|x64.Build.0 = Debug|x64
		{FB2E4B42-ECF2-4CD0-862A-6D197E4B01BE}.Debug|x86.ActiveCfg = Debug|Win32
		{FB2E4B42-ECF2-4CD0-862A-6D197E4B01BE}.Debug|x86.Build.0 = Debug|Win32
		{FB2E4B42-ECF2-4CD0-862A-6D197E4B01BE}.Release|x64.ActiveCfg = Release|x64
		{FB2E4B42-ECF2-4CD0-862A-6D197E4B01BE}.Release|x64.Build.0 = Release|x64
		{FB2E4B42-ECF2-4CD0-862A-6D197E4B01BE}.Release|x86.ActiveCfg = Release|Win32
		{FB2E4B42-ECF2-4CD0-862A-6D197E4B01BE}.Release|x86.Build.0 = Release|Win32
		{0160F319-9538-4F6C-879A-76F1EDBADD3C}.Debug|x64.ActiveCfg = Debug|x64
		{0160F319-9538-4F6C-879A-76F1EDBADD3C}.Debug|x64.Build.0 = Debug|x64
		{0160F319-9538-4F6C-879A-76F1EDBADD3C}.Debug|x86.ActiveCfg = Debug|Win32
		{0160F319-9538-4F6C-879A-76F1EDBADD3C}.Debug|x86.Build.0 = Debug|Win32
		{0160F319-9538-4F6C-879A-76F1EDBADD3C}.Release|x64.ActiveCfg = Release|x64
		{0160F319-9538-4F6C-879A-76F1EDBADD3C}.Release|x64.Build.0 = Release|x64
		{0160F319-9538-4F6C-879A-76F1EDBADD3C}.Release|x86.ActiveCfg = Release|Win32
		{0160F319-9538-4F6C-879A-76F1EDBADD3C}.Release|x86.Build.0 = Release|Win32
		{71A1556F-60D2-43F1-8F32-1E86F285301A}.Debug|x64.ActiveCfg = Debug|x64
		{71A1556F-60D2-43F1-8F32-1E86F285301A}.Debug|x64.Build.0 = Debug|x64
		{71A1556F-60D2-43F1-8F32-1E86F285301A}.Debug|x86.ActiveCfg = Debug|Win32
		{71A1556F-60D2-43F1-8F32-1E86F285301A}.Debug|x86.Build.0 = Debug|Win32
		{71A1556F-60D2-43F1-8F32-1E86F285301A}.Release|x64.ActiveCfg = Release|x64
		{71A1556F-60D2-43F1-8F32-1E86F285301A}.Release|x64.Build.0 = Release|x64
		{71A1556F-60D2-43F1-8F32-1E86F285301A}.Release|x86.ActiveCfg = Release|Win32
		{71A1556F-60D2-43F1-8F32-1E86F285301A}.Release|x86.Build.0 = Release|Win32
		{59A9AAA8-CBAF-4111-95A4-05683673653B}.Debug|x64.ActiveCfg = Debug|x64
		{59A9AAA8-CBAF-4111-95A4-05683673653B}.Debug|x64.Build.0 = Debug|x64
		{59A9AAA8-CBAF-4111-95A4-05683673653B}.Debug|x86.ActiveCfg = Debug|Win32
		{59A9AAA8-CBAF-4111-95A4-05683673653B}.Debug|x86.Build.0 = Debug|Win32
		{59A9AAA8-CBAF-4111-95A4-05683673653B}.Release|x64.ActiveCfg = Release|x64
		{59A9AAA8-CBAF-4111-95A4-05683673653B}.Release|x64.Build.0 = Release|x64
		{59A9AAA8-CBAF-4111-95A4-05683673653B}.Release|x86.ActiveCfg = Release|Win32
		{59A9AAA8-CBAF-4111-95A4-05683673653B}.Release|x86.Build.0 = Release|Win32
		{86E6C8E6-34AE-4416-A2E9-2E3FB3E2A70F}.Debug|x64.ActiveCfg = Debug|x64
		{86E6C8E6-34AE-4416-A2E9-2E3FB3E2A70F}.Debug|x64.Build.0 = Debug|x64
		{86E6C8E6-34AE-4416-A2E9-2E3FB3E2A70F}.Debug|x86.ActiveCfg = Debug|Win32
		{86E6C8E6-34AE-4416-A2E9-2E3FB3E2A70F}.Debug|x86.Build.0 = Debug|Win32
		{86E6C8E6-34AE-4416-A2E9-2E3FB3E2A70F}.Release|x64.ActiveCfg = Release|x64
		{86E6C8E6-34AE-4416-A2E9-2E3FB3E2A70F}.Release|x64.Build.0 = Release|x64
		{86E6C8E6-34AE-4416-A2E9-2E3FB3E2A70F}.Release|x86.ActiveCfg = Release|Win32
		{86E6C8E6-34AE-4416-A2E9-2E3FB3E2A70F}.Release|x86.Build.0 = Release|Win32
		{4DF72925-2DAC-4CC2-9922-B35BC46ED80D}.Debug|x64.ActiveCfg = Debug|x64
		{4DF72925-2DAC-4CC2-9922-B35BC46ED80D}.Debug|x64.Build.0 = Debug|x64
		{4DF72925-2DAC-4CC2-9922-B35BC46ED80D}.Debug|x86.ActiveCfg = Debug|Win32
		{4DF72925-2DAC-4CC2-9922-B35BC46ED80D}.Debug|x86.Build.0 = Debug|Win32
		{4DF72925-2DAC-4CC2-9922-B35BC46ED80D}.Release|x64.ActiveCfg = Release|x64
		{4DF72925-2DAC-4CC2-9922-B35BC46ED80D}.Release|x64.Build.0 = Release|x64
		{4DF72925-2DAC-4CC2-9922-B35BC46ED80D}.Release|x86.ActiveCfg = Release|Win32
		{4DF72925-2DAC-4CC2-9922-B35BC46ED80D}.Release|x86.Build.0 = Release|Win32
		{78777916-15E5-4E29-9874-E039117A4647}.Debug|x64.ActiveCfg = Debug|x64
		{78777916-15E5-4E29-9874-E039117A4647}.Debug|x64.Build.0 = Debug|x64
		{78777916-15E5-4E29-9874-E039117A4647}.Debug|x86.ActiveCfg = Debug|Win32
		{78777916-15E5-4E29-9874-E039117A4647}.Debug|x86.Build.0 = Debug|Win32
		{78777916-15E5-4E29-9874-E039117A4647}.Release|x64.ActiveCfg = Release|x64
		{78777916-15E5-4E29-9874-E039117A4647}.Release|x64.Build.0 = Release|x64
		{78777916-15E5-4E29-9874-E039117A4647}.Release|x86.ActiveCfg = Release|Win32
		{78777916-15E5-4E29-9874-E039117A4647}.Release|x86.Build.0 = Release|Win32
		{47383DD1-2E12-4C22-86CD-7FDAE53EBA36}.Debug|x64.ActiveCfg = Debug|x64
		{47383DD1-2E12-4C22-86CD-7FDAE53EBA36}.Debug|x64.Build.0 = Debug|x64
		{47383DD1-2E12-4C22-86CD-7FDAE53EBA36}.Debug|x86.ActiveCfg = Debug|Win32
		{47383DD1-2E12-4C22-86CD-7FDAE53EBA36}.Debug|x86.Build.0 = Debug|Win32
		{47383DD1-2E12-4C22-86CD-7FDAE53EBA36}.Release|x64.ActiveCfg = Release|x64
		{47383DD1-2E12-4C22-86CD-7FDAE53EBA36}.Release|x64.Build.0 = Release|x64
		{47383DD1-2E12-4C22-86CD-7FDAE53EBA36}.Release|x86.ActiveCfg = Release|Win32
		{47383DD1-2E12-4C22-86CD-7FDAE53EBA36}.Release|x86.Build.0 = Release|Win32
		{8250B42E-9010-4215-A011-98E36B6D5483}.Debug|x64.ActiveCfg = Debug|x64
		{8250B42E-9010-4215-A011-98E36B6D5483}.Debug|x64.Build.0 = Debug|x64
		{8250B42E-9010-4215-A011-98E36B6D5483}.Debug|x86.ActiveCfg = Debug|Win32
		{8250B42E-9010-4215-A011-98E36B6D5483}.Debug|x86.Build.0 = Debug|Win32
		{8250B42E-9010-4215-A011-98E36B6D5483}.Release|x64.ActiveCfg = Release|x64
		{8250B42E-9010-4215-A011-98E36B6D5483}.Release|x64.Build.0 = Release|x64
		{8250B42E-9010-4215-A011-98E36B6D5483}.Release|x86.ActiveCfg = Release|Win32
		{8250B42E-9010-4215-A011-98E36B6D5483}.Release|x86.Build.0 = Release|Win32
		{ABC90177-AB19-4370-85A2-195D11FC8E7C}.Debug|x64.ActiveCfg = Debug|x64
		{ABC90177-AB19-4370-85A2-195D11FC8E7C}.Debug|x64.Build.0 = Debug|x64
		{ABC90177-AB19-4370-85A2-195D11FC8E7C}.Debug|x86.ActiveCfg = Debug|Win32
		{ABC90177-AB19-4370-85A2-195D11FC8E7C}.Debug|x86.Build.0 = Debug|Win32
		{ABC90177-AB19-4370-85A2-195D11FC8E7C}.Release|x64.ActiveCfg = Release|x64
		{ABC90177-AB19-4370-85A2-195D11FC8E7C}.Release|x64.Build.0 = Release|x64
		{ABC90177-AB19-4370-85A2-195D11FC8E7C}.Release|x86.ActiveCfg = Release|Win32
		{ABC90177-AB19-4370-85A2-195D11FC8E7C}.Release|x86.Build.0 = Release|Win32
		{EDC690BE-0139-413E-9034-8D964EB61F6B}.Debug|x64.ActiveCfg = Debug|x64
		{EDC690BE-0139-413E-9034-8D964EB61F6B}.Debug|x64.Build.0 = Debug|x64
		{EDC690BE-0139-413E-9034-8D964EB61F6B}.Debug|x86.ActiveCfg = Debug|Win32
		{EDC690BE-0139-413E-9034-8D964EB61F6B}.Debug|x86.Build.0 = Debug|Win32
		{EDC690BE-0139-413E-9034-8D964EB61F6B}.Release|x64.ActiveCfg = Release|x64
		{EDC690BE-0139-413E-9034-8D964EB61F6B}.Release|x64.Build.0 = Release|x64
		{EDC690BE-0139-413E-9034-8D964EB61F6B}.Release|x86.ActiveCfg = Release|Win32
		{EDC690BE-0139-413E-9034-8D964EB61F6B}.Release|x86.Build.0 = Release|Win32
		{D8B18725-4CB3-4A4F-9FD4-4C699603E113}.Debug|x64.ActiveCfg = Debug|x64
		{D8B18725-4CB3-4A4F-9FD4-4C699603E113}.Debug|x64.Build.0 = Debug|x64
		{D8B18725-4CB3-4A4F-9FD4-4C699603E113}.Debug|x86.ActiveCfg = Debug|Win32
		{D8B18725-4CB3-4A4F-9FD4-4C699603E113}.Debug|x86.Build.0 = Debug|Win32
		{D8B18725-4CB3-4A4F-9FD4-4C699603E113}.Release|x64.ActiveCfg = Release|x64
		{D8B18725-4CB3-4A4F-9FD4-4C699603E113}.Release|x64.Build.0 = Release|x64
		{D8B18725-4CB3-4A4F-9FD4-4C699603E113}.Release|x86.ActiveCfg = Release|Win32
		{D8B18725-4CB3-4A4F-9FD4-4C699603E113}.Release|x86.Build.0 = Release|Win32
		{D9938B41-F8DE-4B76-B98D-73D2A2CC78F1}.Debug|x64.ActiveCfg = Debug|x64
		{D9938B41-F8DE-4B76-B98D-73D2A2CC78F1}.Debug|x64.Build.0 = Debug|x64
		{D9938B41-F8DE-4B76-B98D-73D2A2CC78F1}.Debug|x86.ActiveCfg = Debug|Win32
		{D9938B41-F8DE-4B76-B98D-73D2A2CC78F1}.Debug|x86.Build.0 = Debug|Win32
		{D9938B41-F8DE-4B76-B98D-73D2A2CC78F1}.Release|x64.ActiveCfg = Release|x64
		{D9938B41-F8DE-4B76-B98D-73D2A2CC78F1}.Release|x64.Build.0 = Release|x64
		{D9938B41-F8DE-4B76-B98D-73D2A2CC78F1}.Release|x86.ActiveCfg = Release|Win32
		{D9938B41-F8DE-4B76-B98D-73D2A2CC78F1}.Release|x86.Build.0 = Release|Win32
		{1A24B494-E422-41F2-B86D-98F85544DEDC}.Debug|x64.ActiveCfg = Debug|x64
		{1A24B494-E422-41F2-B86D-98F85544DEDC}.Debug|x64.Build.0 = Debug|x64
		{1A24B494-E422-41F2-B86D-98F85544DEDC}.Debug|x86.ActiveCfg = Debug|Win32
		{1A24B494-E422-41F2-B86D-98F85544DEDC}.Debug|x86.Build.0 = Debug|Win32
		{1A24B494-E422-41F2-B86D-98F85544DEDC}.Release|x64.ActiveCfg = Release|x64
		{1A24B494-E422-41F2-B86D-98F85544DEDC}.Release|x64.Build.0 = Release|x64
		{1A24B494-E422-41F2-B86D-98F85544DEDC}.Release|x86.ActiveCfg = Release|Win32
		{1A24B494-E422-41F2-B86D-98F85544DEDC}.Release|x86.Build.0 = Release|Win32
		{484952A7-21FF-49C7-81A0-7BCA6F282D9B}.Debug|x64.ActiveCfg = Debug|x64
		{484952A7-21FF-49C7-81A0-7BCA6F282D9B}.Debug|x64.Build.0 = Debug|x64
		{484952A7-21FF-49C7-81A0-7BCA6F282D9B}.Debug|x86.ActiveCfg = Debug|Win32
		{484952A7-21FF-49C7-81A0-7BCA6F282D9B}.Debug|x86.Build.0 = Debug|Win32
		{484952A7-21FF-49C7-81A0-7BCA6F282D9B}.Release|x64.ActiveCfg = Release|x64
		{484952A7-21FF-49C7-81A0-7BCA6F282D9B}.Release|x64.Build.0 = Release|x64
		{484952A7-21FF-49C7-81A0-7BCA6F282D9B}.Release|x86.ActiveCfg = Release|Win32
		{484952A7-21FF-49C7-81A0-7BCA6F282D9B}.Release|x86.Build.0 = Release|Win32
		{78E7CAC8-5B97-4BB8-9D0F-4E8C69FA6978}.Debug|x64.ActiveCfg = Debug|x64
		{78E7CAC8-5B97-4BB8-9D0F-4E8C69FA6978}.Debug|x64.Build.0 = Debug|x64
		{78E7CAC8-5B97-4BB8-9D0F-4E8C69FA6978}.Debug|x86.ActiveCfg = Debug|Win32
		{78E7CAC8-5B97-4BB8-9D0F-4E8C69FA6978}.Debug|x86.Build.0 = Debug|Win32
		{78E7CAC8-5B97-4BB8-9D0F-4E8C69FA6978}.Release|x64.ActiveCfg = Release|x64
		{78E7CAC8-5B97-4BB8-9D0F-4E8C69FA6978}.Release|x64.Build.0 = Release|x64
		{78E7CAC8-5B97-4BB8-9D0F-4E8C69FA6978}.Release|x86.ActiveCfg = Release|Win32
		{78E7CAC8-5B97-4BB8-9D0F-4E8C69FA6978}.Release|x86.Build.0 = Release|Win32
		{3CBA70FB-D35C-483D-BDC7-AD07A089644E}.Debug|x64.ActiveCfg = Debug|x64
		{3CBA70FB-D35C-483D-BDC7-AD07A089644E}.Debug|x64.Build.0 = Debug|x64
		{3CBA70FB-D35C-483D-BDC7-AD07A089644E}.Debug|x86.ActiveCfg = Debug|Win32
		{3CBA70FB-D35C-483D-BDC7-AD07A089644E}.Debug|x86.Build.0 = Debug|Win32
		{3CBA70FB-D35C-483D-BDC7-AD07A089644E}.Release|x64.ActiveCfg = Release|x64
		{3CBA70FB-D35C-483D-BDC7-AD07A089644E}.Release|x64.Build.0 = Release|x64
		{3CBA70FB-D35C-483D-BDC7-AD07A089644E}.Release|x86.ActiveCfg = Release|Win32
		{3CBA70FB-D35C-483D-BDC7-AD07A089644E}.Release|x86.Build.0 = Release|Win32
		{D55AC636-67A1-4B4F-A6F0-58C8668061F3}.Debug|x64.ActiveCfg = Debug|x64
		{D55AC636-67A1-4B4F-A6F0-58C8668061F3}.Debug|x64.Build.0 = Debug|x64
		{D55AC636-67A1-4B4F-A6F0-58C8668061F3}.Debug|x86.ActiveCfg = Debug|Win32
		{D55AC636-67A1-4B4F-A6F0-58C8668061F3}.Debug|x86.Build.0 = Debug|Win32
		{D55AC636-67A1-4B4F-A6F0-58C8668061F3}.Release|x64.ActiveCfg = Release|x64
		{D55AC636-67A1-4B4F-A6F0-58C8668061F3}.Release|x64.Build.0 = Release|x64
		{D55AC636-67A1-4B4F-A6F0-58C8668061F3}.Release|x86.ActiveCfg = Release|Win32
		{D55AC636-67A1-4B4F-A6F0-58C8668061F3}.Release|x86.Build.0 = Release|Win32
		{88EEADFE-97BB-47C1-897F-69A8102FCF3C}.Debug|x64.ActiveCfg = Debug|x64
		{88EEADFE-97BB-47C1-897F-69A8102FCF3C}.Debug|x64.Build.0 = Debug|x64
		{88EEADFE-97BB-47C1-897F-69A8102FCF3C}.Debug|x86.ActiveCfg = Debug|Win32
		{88EEADFE-97BB-47C1-897F-69A8102FCF3C}.Debug|x86.Build.0 = Debug|Win32
		{88EEADFE-97BB-47C1-897F-69A8102FCF3C}.Release|x64.ActiveCfg = Release|x64
		{88EEADFE-97BB-47C1-897F-69A8102FCF3C}.Release|x64.Build.0 = Release|x64
		{88EEADFE-97BB-47C1-897F-69A8102FCF3C}.Release|x86.ActiveCfg = Release|Win32
		{88EEADFE-97BB-47C1-897F-69A8102FCF3C}.Release|x86.Build.0 = Release|Win32
		{5668E5B9-556A-4D53-9DEA-F6D98C79AB81}.Debug|x64.ActiveCfg = Debug|x64
		{5668E5B9-556A-4D53-9DEA-F6D98C79AB81}.Debug|x64.Build.0 = Debug|x64
		{5668E5B9-556A-4D53-9DEA-F6D98C79AB81}.Debug|x86.ActiveCfg = Debug|Win32
		{5668E5B9-556A-4D53-9DEA-F6D98C79AB81}.Debug|x86.Build.0 = Debug|Win32
		{5668E5B9-556A-4D53-9DEA-F6D98C79AB81}.Release|x64.ActiveCfg = Release|x64
		{5668E5B9-556A-4D53-9DEA-F6D98C79AB81}.Release|x64.Build.0 = Release|x64
		{5668E5B9-556A-4D53-9DEA-F6D98C79AB81}.Release|x86.ActiveCfg = Release|Win32
		{5668E5B9-556A-4D53-9DEA-F6D98C79AB81}.Release|x86.Build.0 = Release|Win32
		{137839BA-95DF-45C4-8F48-AF38A9333D23}.Debug|x64.ActiveCfg = Debug|x64
		{137839BA-95DF-45C4-8F48-AF38A9333D23}.Debug|x64.Build.0 = Debug|x64
		{137839BA-95DF-45C4-8F48-AF38A9333D23}.Debug|x86.ActiveCfg = Debug|Win32
		{137839BA-95DF-45C4-8F48-AF38A9333D23}.Debug|x86.Build.0 = Debug|Win32
		{137839BA-95DF-45C4-8F48-AF38A9333D23}.Release|x64.ActiveCfg = Release|x64
		{137839BA-95DF-45C4-8F48-AF38A9333D23}.Release|x64.Build.0 = Release|x64
		{137839BA-95DF-45C4-8F48-AF38A9333D23}.Release|x86.ActiveCfg = Release|Win32
		{137839BA-95DF-45C4-8F48-AF38A9333D23}.Release|x86.Build.0 = Release|Win32
		{8C78ED61-5CFF-48A7-954B-8D37388195CC}.Debug|x64.ActiveCfg = Debug|x64
		{8C78ED61-5CFF-48A7-954B-8D37388195CC}.Debug|x64.Build.0 = Debug|x64
		{8C78ED61-5CFF-48A7-954B-8D37388195CC}.Debug|x86.ActiveCfg = Debug|Win32
		{8C78ED61-5CFF-48A7-954B-8D37388195CC}.Debug|x86.Build.0 = Debug|Win32
		{8C78ED61-5CFF-48A7-954B-8D37388195CC}.Release|x64.ActiveCfg = Release|x64
		{8C78ED61-5CFF-48A7-954B-8D37388195CC}.Release|x64.Build.0 = Release|x64
		{8C78ED61-5CFF-48A7-954B-8D37388195CC}.Release|x86.ActiveCfg = Release|Win32
		{8C78ED61-5CFF-48A7-954B-8D37388195CC}.Release|x86.Build.0 = Release|Win32
		{AC8C97F8-80B3-4082-80CB-A11571B88F2B}.Debug|x64.ActiveCfg = Debug|x64
		{AC8C97F8-80B3-4082-80CB-A11571B88F2B}.Debug|x64.Build.0 = Debug|x64
		{AC8C97F8-80B3-4082-80CB-A11571B88F2B}.Debug|x86.ActiveCfg = Debug|Win32
		{AC8C97F8-80B3-4082-80CB-A11571B88F2B}.Debug|x86.Build.0 = Debug|Win32
		{AC8C97F8-80B3-4082-80CB-A11571B88F2B}.Release|x64.ActiveCfg = Release|x64
		{AC8C97F8-80B3-4082-80CB-A11571B88F2B}.Release|x64.Build.0 = Release|x64
		{AC8C97F8-80B3-4082-80CB-A11571B88F2B}.Release|x86.ActiveCfg = Release|Win32
		{AC8C97F8-80B3-4082-80CB-A11571B88F2B}.Release|x86.Build.0 = Release|Win32
		{749E75E5-D57E-4A33-B812-DF78D4F5D46C}.Debug|x64.ActiveCfg = Debug|x64
		{749E75E5-D57E-4A33-B812-DF78D4F5D46C}.Debug|x64.Build.0 = Debug|x64
		{749E75E5-D57E-4A33-B812-DF78D4F5D46C}.Debug|x86.ActiveCfg = Debug|Win32
		{749E75E5-D57E-4A33-B812-DF78D4F5D46C}.Debug|x86.Build.0 = Debug|Win32
		{749E75E5-D57E-4A33-B812-DF78D4F5D46C}.Release|x64.ActiveCfg = Release|x64
		{749E75E5-D57E-4A33-B812-DF78D4F5D46C}.Release|x64.Build.0 = Release|x64
		{749E75E5-D57E-4A33-B812-DF78D4F5D46C}.Release|x86.ActiveCfg = Release|Win32
		{749E75E5-D57E-4A33-B812-DF78D4F5D46C}.Release|x86.Build.0 = Release|Win32
		{C21C8145-D1E4-4EF1-A169-3F6575ACEECF}.Debug|x64.ActiveCfg = Debug|x64
		{C21C8145-D1E4-4EF1-A169-3F6575ACEECF}.Debug|x64.Build.0 = Debug|x64
		{C21C8145-D1E4-4EF1-A169-3F6575ACEECF}.Debug|x86.ActiveCfg = Debug|Win32
		{C21C8145-D1E4-4EF1-A169-3F6575ACEECF}.Debug|x86.Build.0 = Debug|Win32
		{C21C8145-D1E4-4EF1-A169-3F6575ACEECF}.Release|x64.ActiveCfg = Release|x64
		{C21C8145-D1E4-4EF1-A169-3F6575ACEECF}.Release|x64.Build.0 = Release|x64
		{C21C8145-D1E4-4EF1-A169-3F6575ACEECF}.Release|x86.ActiveCfg = Release|Win32
		{C21C8145-D1E4-4EF1-A169-3F6575ACEECF}.Release|x86.Build.0 = Release|Win32
		{71AC18FE-0612-48DD-8EEA-2C9D7236CECE}.Debug|x64.ActiveCfg = Debug|x64
		{71AC18FE-0612-48DD-8EEA-2C9D7236CECE}.Debug|x64.Build.0 = Debug|x64
		{71AC18FE-0612-48DD-8EEA-2C9D7236CECE}.Debug|x86.ActiveCfg = Debug|Win32
		{71AC18FE-0612-48DD-8EEA-2C9D7236CECE}.Debug|x86.Build.0 = Debug|Win32
		{71AC18FE-0612-48DD-8EEA-2C9D7236CECE}.Release|x64.ActiveCfg = Release|x64
		{71AC18FE-0612-48DD-8EEA-2C9D7236CECE}.Release|x64.Build.0 = Release|x64
		{71AC18FE-0612-48DD-8EEA-2C9D7236CECE}.Release|x86.ActiveCfg = Release|Win32
		{71AC18FE-0612-48DD-8EEA-2C9D7236CECE}.Release|x86.Build.0 = Release|Win32
		{54F852E6-2AFD-4B00-A28F-BE0D05FCA64B}.Debug|x64.ActiveCfg = Debug|x64
		{54F852E6-2AFD-4B00-A28F-BE0D05FCA64B}.Debug|x64.Build.0 = Debug|x64
		{54F852E6-2AFD-4B00-A28F-BE0D05FCA64B}.Debug|x86.ActiveCfg = Debug|Win32
		{54F852E6-2AFD-4B00-A28F-BE0D05FCA64B}.Debug|x86.Build.0 = Debug|Win32
		{54F852E6-2AFD-4B00-A28F-BE0D05FCA64B}.Release|x64.ActiveCfg = Release|x64
		{54F852E6-2AFD-4B00-A28F-BE0D05FCA64B}.Release|x64.Build.0 = Release|x64
		{54F852E6-2AFD-4B00-A28F-BE0D05FCA64B}.Release|x86.ActiveCfg = Release|Win32
		{54F852E6-2AFD-4B00-A28F-BE0D05FCA64B}.Release|x86.Build.0 = Release|Win32
		{49EE63C0-AFFB-4919-9AA5-BAB5BE7FAE14}.Debug|x64.ActiveCfg = Debug|x64
		{49EE63C0-AFFB-4919-9AA5-BAB5BE7FAE14}.Debug|x64.Build.0 = Debug|x64
		{49EE63C0-AFFB-4919-9AA5-BAB5BE7FAE14}.Debug|x86.ActiveCfg = Debug|Win32
		{49EE63C0-AFFB-4919-9AA5-BAB5BE7FAE14}.Debug|x86.Build.0 = Debug|Win32
		{49EE63C0-AFFB-4919-9AA5-BAB5BE7FAE14}.Release|x64.ActiveCfg = Release|x64
		{49EE63C0-AFFB-4919-9AA5-BAB5BE7FAE14}.Release|x64.Build.0 = Release|x64
		{49EE63C0-AFFB-4919-9AA5-BAB5BE7FAE14}.Release|x86.ActiveCfg = Release|Win32
		{49EE63C0-AFFB-4919-9AA5-BAB5BE7FAE14}.Release|x86.Build.0 = Release|Win32
		{3A6411DE-9A58-4AB5-B94A-CDEAC2A80575}.Debug|x64.ActiveCfg = Debug|x64
		{3A6411DE-9A58-4AB5-B94A-CDEAC2A80575}.Debug|x64.Build.0 = Debug|x64
		{3A6411DE-9A58-4AB5-B94A-CDEAC2A80575}.Debug|x86.ActiveCfg = Debug|Win32
		{3A6411DE-9A58-4AB5-B94A-CDEAC2A80575}.Debug|x86.Build.0 = Debug|Win32
		{3A6411DE-9A58-4AB5-B94A-CDEAC2A80575}.Release|x64.ActiveCfg = Release|x64
		{3A6411DE-9A58-4AB5-B94A-CDEAC2A80575}.Release|x64.Build.0 = Release|x64
		{3A6411DE-9A58-4AB5-B94A-CDEAC2A80575}.Release|x86.ActiveCfg = Release|Win32
		{3A6411DE-9A58-4AB5-B94A-CDEAC2A80575}.Release|x86.Build.0 = Release|Win32
		{6A312E5C-35EF-40AB-88E5-11D8B41D0F9D}.Debug|x64.ActiveCfg = Debug|x64
		{6A312E5C-35EF-40AB-88E5-11D8B41D0F9D}.Debug|x64.Build.0 = Debug|x64
		{6A312E5C-35EF-40AB-88E5-11D8B41D0F9D}.Debug|x86.ActiveCfg = Debug|Win32
		{6A312E5C-35EF-40AB-88E5-11D8B41D0F9D}.Debug|x86.Build.0 = Debug|Win32
		{6A312E5C-35EF-40AB-88E5-11D8B41D0F9D}.Release|x64.ActiveCfg = Release|x64
		{6A312E5C-35EF-40AB-88E5-11D8B41D0F9D}.Release|x64.Build.0 = Release|x64
		{6A312E5C-35EF-40AB-88E5-11D8B41D0F9D}.Release|x86.ActiveCfg = Release|Win32
		{6A312E5C-35EF-40AB-88E5-11D8B41D0F9D}.Release|x86.Build.0 = Release|Win32
		{F99D37A5-D11F-4202-8F7D-531B52503752}.Debug|x64.ActiveCfg = Debug|x64
		{F99D37A5-D11F-4202-8F7D-531B52503752}.Debug|x64.Build.0 = Debug|x64
		{F99D37A5-D11F-4202-8F7D-531B52503752}.Debug|x86.ActiveCfg = Debug|Win32
		{F99D37A5-D11F-4202-8F7D-531B52503752}.Debug|x86.Build.0 = Debug|Win32
		{F99D37A5-D11F-4202-8F7D-531B52503752}.Release|x64.ActiveCfg = Release|x64
		{F99D37A5-D11F-4202-8F7D-531B52503752}.Release|x64.Build.0 = Release|x64
		{F99D37A5-D11F-4202-8F7D-531B52503752}.Release|x86.ActiveCfg = Release|Win32
		{F99D37A5-D11F-4202-8F7D-531B52503752}.Release|x86.Build.0 = Release|Win32
		{8D816EA2-74A0-462F-B17D-39E4DA0C1891}.Debug|x64.ActiveCfg = Debug|x64
		{8D816EA2-74A0-462F-B17D-39E4DA0C1891}.Debug|x64.Build.0 = Debug|x64
		{8D816EA2-74A0-462F-B17D-39E4DA0C1891}.Debug|x86.ActiveCfg = Debug|Win32
		{8D816EA2-74A0-462F-B17D-39E4DA0C1891}.Debug|x86.Build.0 = Debug|Win32
		{8D816EA2-74A0-462F-B17D-39E4DA0C1891}.Release|x64.ActiveCfg = Release|x64
		{8D816EA2-74A0-462F-B17D-39E4DA0C1891}.Release|x64.Build.0 = Release|x64
		{8D816EA2-74A0-462F-B17D-39E4DA0C1891}.Release|x86.ActiveCfg = Release|Win32
		{8D816EA2-74A0-462F-B17D-39E4DA0C1891}.Release|x86.Build.0 = Release|Win32
		{7E283092-B74D-4D94-B047-2A3740E0E68D}.Debug|x64.ActiveCfg = Debug|x64
		{7E283092-B74D-4D94-B047-2A3740E0E68D}.Debug|x64.Build.0 = Debug|x64
		{7E283092-B74D-4D94-B047-2A3740E0E68D}.Debug|x86.ActiveCfg = Debug|Win32
		{7E283092-B74D-4D94-B047-2A3740E0E68D}.Debug|x86.Build.0 = Debug|Win32
		{7E283092-B74D-4D94-B047-2A3740E0E68D}.Release|x64.ActiveCfg = Release|x64
		{7E283092-B74D-4D94-B047-2A3740E0E68D}.Release|x64.Build.0 = Release|x64
		{7E283092-B74D-4D94-B047-2A3740E0E68D}.Release|x86.ActiveCfg = Release|Win32
		{7E283092-B74D-4D94-B047-2A3740E0E68D}.Release|x86.Build.0 = Release|Win32
		{053198C5-ABAB-410F-B06E-08E3F9D62A96}.Debug|x64.ActiveCfg = Debug|x64
		{053198C5-ABAB-410F-B06E-08E3F9D62A96}.Debug|x64.Build.0 = Debug|x64
		{053198C5-ABAB-410F-B06E-08E3F9D62A96}.Debug|x86.ActiveCfg = Debug|Win32
		{053198C5-ABAB-410F-B06E-08E3F9D62A96}.Debug|x86.Build.0 = Debug|Win32
		{053198C5-ABAB-410F-B06E-08E3F9D62A96}.Release|x64.ActiveCfg = Release|x64
		{053198C5-ABAB-410F-B06E-08E3F9D62A96}.Release|x64.Build.0 = Release|x64
		{053198C5-ABAB-410F-B06E-08E3F9D62A96}.Release|x86.ActiveCfg = Release|Win32
		{053198C5-ABAB-410F-B06E-08E3F9D62A96}.Release|x86.Build.0 = Release|Win32
		{2181B1CD-795D-4E9A-A981-C76EDFCC97AB}.Debug|x64.ActiveCfg = Debug|x64
		{2181B1CD-795D-4E9A-A981-C76EDFCC97AB}.Debug|x64.Build.0 = Debug|x64
		{2181B1CD-795D-4E9A-A981-C76EDFCC97AB}.Debug|x86.ActiveCfg = Debug|Win32
		{2181B1CD-795D-4E9A-A981-C76EDFCC97AB}.Debug|x86.Build.0 = Debug|Win32
		{2181B1CD-795D-4E9A-A981-C76EDFCC97AB}.Release|x64.ActiveCfg = Release|x64
		{2181B1CD-795D-4E9A-A981-C76EDFCC97AB}.Release|x64.Build.0 = Release|x64
		{2181B1CD-795D-4E9A-A981-C76EDFCC97AB}.Release|x86.ActiveCfg = Release|Win32
		{2181B1CD-795D-4E9A-A981-C76EDFCC97AB}.Release|x86.Build.0 = Release|Win32
		{5D9E15A2-0368-4057-AC19-BADC9E6011DD}.Debug|x64.ActiveCfg = Debug|x64
		{5D9E15A2-0368-4057-AC19-BADC9E6011DD}.Debug|x64.Build.0 = Debug|x64
		{5D9E15A2-0368-4057-AC19-BADC9E6011DD}.Debug|x86.ActiveCfg = Debug|Win32
		{5D9E15A2-0368-4057-AC19-BADC9E6011DD}.Debug|x86.Build.0 = Debug|Win32
		{5D9E15A2-0368-4057-AC19-BADC9E6011DD}.Release|x64.ActiveCfg = Release|x64
		{5D9E15A2-0368-4057-AC19-BADC9E6011DD}.Release|x64.Build.0 = Release|x64
		{5D9E15A2-0368-4057-AC19-BADC9E6011DD}.Release|x86.ActiveCfg = Release|Win32
		{5D9E15A2-0368-4057-AC19-BADC9E6011DD}.Release|x86.Build.0 = Release|Win32
		{9C6BBC0F-3FC0-47F5-80B7-0464ECFA73F0}.Debug|x64.ActiveCfg = Debug|x64
		{9C6BBC0F-3FC0-47F5-80B7-0464ECFA73F0}.Debug|x64.Build.0 = Debug|x64
		{9C6BBC0F-3FC0-47F5-80B7-0464ECFA73F0}.Debug|x86.ActiveCfg = Debug|Win32
		{9C6BBC0F-3FC0-47F5-80B7-0464ECFA73F0}.Debug|x86.Build.0 = Debug|Win32
		{9C6BBC0F-3FC0-47F5-80B7-0464ECFA73F0}.Release|x64.ActiveCfg = Release|x64
		{9C6BBC0F-3FC0-47F5-80B7-0464ECFA73F0}.Release|x64.Build.0 = Release|x64
		{9C6BBC0F-3FC0-47F5-80B7-0464ECFA73F0}.Release|x86.ActiveCfg = Release|Win32
		{9C6BBC0F-3FC0-47F5-80B7-0464ECFA73F0}.Release|x86.Build.0 = Release|Win32
		{B15AD2A5-74BD-4435-A872-1B19B2FEE203}.Debug|x64.ActiveCfg = Debug|x64
		{B15AD2A5-74BD-4435-A872-1B19B2FEE203}.Debug|x64.Build.0 = Debug|x64
		{B15AD2A5-74BD-4435-A872-1B19B2FEE203}.Debug|x86.ActiveCfg = Debug|Win32
		{B15AD2A5-74BD-4435-A872-1B19B2FEE203}.Debug|x86.Build.0 = Debug|Win32
		{B15AD2A5-74BD-4435-A872-1B19B2FEE203}.Release|x64.ActiveCfg = Release|x64
		{B15AD2A5-74BD-4435-A872-1B19B2FEE203}.Release|x64.Build.0 = Release|x64
		{B15AD2A5-74BD-4435-A872-1B19B2FEE203}.Release|x86.ActiveCfg = Release|Win32
		{B15AD2A5-74BD-4435-A872-1B19B2FEE203}.Release|x86.Build.0 = Release|Win32
	EndGlobalSection
	GlobalSection(SolutionProperties) = preSolution
		HideSolutionNode = FALSE
	EndGlobalSection
	GlobalSection(ExtensibilityGlobals) = postSolution
		SolutionGuid = {8E4937EE-88C9-4419-832D-571097DCBC7F}
	EndGlobalSection
EndGlobal
